// !$*UTF8*$!
{
	archiveVersion = 1;
	classes = {
	};
	objectVersion = 56;
	objects = {

/* Begin PBXBuildFile section */
		2A1BE0E42CB8ECD000908579 /* SigninCoordinator.swift in Sources */ = {isa = PBXBuildFile; fileRef = 2A1BE0E32CB8ECCF00908579 /* SigninCoordinator.swift */; };
		2A1BE0E72CB8ECE100908579 /* SigninVC.swift in Sources */ = {isa = PBXBuildFile; fileRef = 2A1BE0E62CB8ECE100908579 /* SigninVC.swift */; };
		2A1BE0E92CB8ECE700908579 /* SigninViewModel.swift in Sources */ = {isa = PBXBuildFile; fileRef = 2A1BE0E82CB8ECE700908579 /* SigninViewModel.swift */; };
		2A1BE0EF2CBA490700908579 /* CharacterSettingCoordinator.swift in Sources */ = {isa = PBXBuildFile; fileRef = 2A1BE0EE2CBA490700908579 /* CharacterSettingCoordinator.swift */; };
		2A1BE0F12CBA491100908579 /* NicknameSettingCoordinator.swift in Sources */ = {isa = PBXBuildFile; fileRef = 2A1BE0F02CBA491100908579 /* NicknameSettingCoordinator.swift */; };
		2A1BE0F32CBA491E00908579 /* HashTagSettingCoordinator.swift in Sources */ = {isa = PBXBuildFile; fileRef = 2A1BE0F22CBA491E00908579 /* HashTagSettingCoordinator.swift */; };
		2A1BE0F52CBA494100908579 /* CharacterSettingVC.swift in Sources */ = {isa = PBXBuildFile; fileRef = 2A1BE0F42CBA494100908579 /* CharacterSettingVC.swift */; };
		2A1BE0F72CBA494B00908579 /* NicknameSettingVC.swift in Sources */ = {isa = PBXBuildFile; fileRef = 2A1BE0F62CBA494B00908579 /* NicknameSettingVC.swift */; };
		2A1BE0F92CBA495300908579 /* HashTagSettingVC.swift in Sources */ = {isa = PBXBuildFile; fileRef = 2A1BE0F82CBA495300908579 /* HashTagSettingVC.swift */; };
		2A1BE0FB2CBA496A00908579 /* ProfileSettingViewModel.swift in Sources */ = {isa = PBXBuildFile; fileRef = 2A1BE0FA2CBA496A00908579 /* ProfileSettingViewModel.swift */; };
		2A1BE0FE2CBA4D6900908579 /* UserData.swift in Sources */ = {isa = PBXBuildFile; fileRef = 2A1BE0FD2CBA4D6900908579 /* UserData.swift */; };
		2A1BE1032CBA4E1D00908579 /* SplashCoordinator.swift in Sources */ = {isa = PBXBuildFile; fileRef = 2A1BE1022CBA4E1D00908579 /* SplashCoordinator.swift */; };
		2A1BE1062CBA4E3800908579 /* SplashVC.swift in Sources */ = {isa = PBXBuildFile; fileRef = 2A1BE1052CBA4E3800908579 /* SplashVC.swift */; };
		2A1BE1092CBA4E4300908579 /* SplashViewModel.swift in Sources */ = {isa = PBXBuildFile; fileRef = 2A1BE1082CBA4E4300908579 /* SplashViewModel.swift */; };
		2A1BE10D2CBA4F9800908579 /* atch.json in Resources */ = {isa = PBXBuildFile; fileRef = 2A1BE10B2CBA4F9800908579 /* atch.json */; };
		2A1BE1102CBA509900908579 /* Lottie in Frameworks */ = {isa = PBXBuildFile; productRef = 2A1BE10F2CBA509900908579 /* Lottie */; };
		2A1BE1132CBA5B2D00908579 /* CharacterSettingView.swift in Sources */ = {isa = PBXBuildFile; fileRef = 2A1BE1122CBA5B2D00908579 /* CharacterSettingView.swift */; };
		2A1BE11E2CBA9B6700908579 /* AtchPageControl.swift in Sources */ = {isa = PBXBuildFile; fileRef = 2A1BE11D2CBA9B6700908579 /* AtchPageControl.swift */; };
		2A2591AF2CBABD5900B6181E /* NicknameSettingView.swift in Sources */ = {isa = PBXBuildFile; fileRef = 2A2591AE2CBABD5900B6181E /* NicknameSettingView.swift */; };
		2A2591B12CBB835500B6181E /* HashTagSettingView.swift in Sources */ = {isa = PBXBuildFile; fileRef = 2A2591B02CBB835500B6181E /* HashTagSettingView.swift */; };
		2A2591B32CBBEAFB00B6181E /* ProfileModalView.swift in Sources */ = {isa = PBXBuildFile; fileRef = 2A2591B22CBBEAFB00B6181E /* ProfileModalView.swift */; };
		2A2591B82CBBEEF000B6181E /* ProfileModalVC.swift in Sources */ = {isa = PBXBuildFile; fileRef = 2A2591B72CBBEEF000B6181E /* ProfileModalVC.swift */; };
		2A2591BB2CBBF39500B6181E /* ProfileModalCoordinator.swift in Sources */ = {isa = PBXBuildFile; fileRef = 2A2591BA2CBBF39500B6181E /* ProfileModalCoordinator.swift */; };
		2A2591C22CBF8EC900B6181E /* ProfileModalData.swift in Sources */ = {isa = PBXBuildFile; fileRef = 2A2591C12CBF8EC900B6181E /* ProfileModalData.swift */; };
		2A2591C52CBFF5B700B6181E /* MyPageView.swift in Sources */ = {isa = PBXBuildFile; fileRef = 2A2591C42CBFF5B700B6181E /* MyPageView.swift */; };
		2A2591C82CBFF78100B6181E /* SettingCell.swift in Sources */ = {isa = PBXBuildFile; fileRef = 2A2591C72CBFF78100B6181E /* SettingCell.swift */; };
		2A2591CF2CC0016000B6181E /* PopUpCoordinator.swift in Sources */ = {isa = PBXBuildFile; fileRef = 2A2591CE2CC0016000B6181E /* PopUpCoordinator.swift */; };
		2A2591D12CC001B200B6181E /* PopUpView.swift in Sources */ = {isa = PBXBuildFile; fileRef = 2A2591D02CC001B200B6181E /* PopUpView.swift */; };
		2A2591D32CC001B900B6181E /* PopUpVC.swift in Sources */ = {isa = PBXBuildFile; fileRef = 2A2591D22CC001B900B6181E /* PopUpVC.swift */; };
		2A2591D52CC0020000B6181E /* PopUpData.swift in Sources */ = {isa = PBXBuildFile; fileRef = 2A2591D42CC0020000B6181E /* PopUpData.swift */; };
		2A5052012C6D9EBB00DC3E4A /* UIColor+.swift in Sources */ = {isa = PBXBuildFile; fileRef = 2A5052002C6D9EBB00DC3E4A /* UIColor+.swift */; };
		2A5052032C6D9FE700DC3E4A /* UIFont+.swift in Sources */ = {isa = PBXBuildFile; fileRef = 2A5052022C6D9FE700DC3E4A /* UIFont+.swift */; };
		2A5052052C6DA06700DC3E4A /* Adjust+.swift in Sources */ = {isa = PBXBuildFile; fileRef = 2A5052042C6DA06700DC3E4A /* Adjust+.swift */; };
		2A50520A2C6DAA4500DC3E4A /* Pretendard-Regular.otf in Resources */ = {isa = PBXBuildFile; fileRef = 2A5052072C6DAA4500DC3E4A /* Pretendard-Regular.otf */; };
		2A50520B2C6DAA4500DC3E4A /* Pretendard-SemiBold.otf in Resources */ = {isa = PBXBuildFile; fileRef = 2A5052082C6DAA4500DC3E4A /* Pretendard-SemiBold.otf */; };
		2A50520C2C6DAA4500DC3E4A /* Pretendard-Medium.otf in Resources */ = {isa = PBXBuildFile; fileRef = 2A5052092C6DAA4500DC3E4A /* Pretendard-Medium.otf */; };
		2A7B78B82CCD2160003E6F37 /* ProfileEditCoordinator.swift in Sources */ = {isa = PBXBuildFile; fileRef = 2A7B78B72CCD2160003E6F37 /* ProfileEditCoordinator.swift */; };
		2A7B78BA2CCD2167003E6F37 /* ProfileEditView.swift in Sources */ = {isa = PBXBuildFile; fileRef = 2A7B78B92CCD2167003E6F37 /* ProfileEditView.swift */; };
		2A7B78BC2CCD216F003E6F37 /* ProfileEditVC.swift in Sources */ = {isa = PBXBuildFile; fileRef = 2A7B78BB2CCD216F003E6F37 /* ProfileEditVC.swift */; };
		2A7B78BF2CCD2AF9003E6F37 /* HashTagStackView.swift in Sources */ = {isa = PBXBuildFile; fileRef = 2A7B78BE2CCD2AF9003E6F37 /* HashTagStackView.swift */; };
		2A7B78C12CCD344F003E6F37 /* CharacterEditCoordinator.swift in Sources */ = {isa = PBXBuildFile; fileRef = 2A7B78C02CCD344F003E6F37 /* CharacterEditCoordinator.swift */; };
		2A7B78C32CCD3493003E6F37 /* CharacterEditVC.swift in Sources */ = {isa = PBXBuildFile; fileRef = 2A7B78C22CCD3493003E6F37 /* CharacterEditVC.swift */; };
		2A85A9322BF869C20030B4F4 /* AppDelegate.swift in Sources */ = {isa = PBXBuildFile; fileRef = 2A85A9312BF869C20030B4F4 /* AppDelegate.swift */; };
		2A85A9342BF869C20030B4F4 /* SceneDelegate.swift in Sources */ = {isa = PBXBuildFile; fileRef = 2A85A9332BF869C20030B4F4 /* SceneDelegate.swift */; };
		2A85A93B2BF869C20030B4F4 /* Assets.xcassets in Resources */ = {isa = PBXBuildFile; fileRef = 2A85A93A2BF869C20030B4F4 /* Assets.xcassets */; };
		2A85A93E2BF869C20030B4F4 /* LaunchScreen.storyboard in Resources */ = {isa = PBXBuildFile; fileRef = 2A85A93C2BF869C20030B4F4 /* LaunchScreen.storyboard */; };
		2ABBF7072C5CC16F00B12315 /* SnapKit in Frameworks */ = {isa = PBXBuildFile; productRef = 2ABBF7062C5CC16F00B12315 /* SnapKit */; };
		2ABBF70A2C5CC19600B12315 /* Then in Frameworks */ = {isa = PBXBuildFile; productRef = 2ABBF7092C5CC19600B12315 /* Then */; };
		2ABCDC622C71EC3C00AD649C /* AllChatCoordinator.swift in Sources */ = {isa = PBXBuildFile; fileRef = 2ABCDC5D2C71EC3C00AD649C /* AllChatCoordinator.swift */; };
		2ABCDC632C71EC3C00AD649C /* AllChatVC.swift in Sources */ = {isa = PBXBuildFile; fileRef = 2ABCDC5F2C71EC3C00AD649C /* AllChatVC.swift */; };
		2ABCDC692C71EC4300AD649C /* AppCoordinator.swift in Sources */ = {isa = PBXBuildFile; fileRef = 2ABCDC642C71EC4300AD649C /* AppCoordinator.swift */; };
		2ABCDC6A2C71EC4300AD649C /* Coordinator.swift in Sources */ = {isa = PBXBuildFile; fileRef = 2ABCDC652C71EC4300AD649C /* Coordinator.swift */; };
		2ABCDC6B2C71EC4300AD649C /* CoordinatorType.swift in Sources */ = {isa = PBXBuildFile; fileRef = 2ABCDC662C71EC4300AD649C /* CoordinatorType.swift */; };
		2ABCDC6D2C71EC5100AD649C /* UIWindow+.swift in Sources */ = {isa = PBXBuildFile; fileRef = 2ABCDC6C2C71EC5100AD649C /* UIWindow+.swift */; };
		2ABCDC732C71EC5C00AD649C /* MapCoordinator.swift in Sources */ = {isa = PBXBuildFile; fileRef = 2ABCDC6E2C71EC5C00AD649C /* MapCoordinator.swift */; };
		2ABCDC742C71EC5C00AD649C /* MapVC.swift in Sources */ = {isa = PBXBuildFile; fileRef = 2ABCDC702C71EC5C00AD649C /* MapVC.swift */; };
		2ABCDC7A2C71EC6300AD649C /* MyPageCoordinator.swift in Sources */ = {isa = PBXBuildFile; fileRef = 2ABCDC752C71EC6300AD649C /* MyPageCoordinator.swift */; };
		2ABCDC7B2C71EC6300AD649C /* MyPageVC.swift in Sources */ = {isa = PBXBuildFile; fileRef = 2ABCDC772C71EC6300AD649C /* MyPageVC.swift */; };
		2ABCDC812C71EC6C00AD649C /* MyChatCoordinator.swift in Sources */ = {isa = PBXBuildFile; fileRef = 2ABCDC7C2C71EC6C00AD649C /* MyChatCoordinator.swift */; };
		2ABCDC822C71EC6C00AD649C /* MyChatVC.swift in Sources */ = {isa = PBXBuildFile; fileRef = 2ABCDC7E2C71EC6C00AD649C /* MyChatVC.swift */; };
		2ABCDC8A2C71EC9700AD649C /* TabBar.swift in Sources */ = {isa = PBXBuildFile; fileRef = 2ABCDC832C71EC9700AD649C /* TabBar.swift */; };
		2ABCDC8B2C71EC9700AD649C /* TabBarCoordinator.swift in Sources */ = {isa = PBXBuildFile; fileRef = 2ABCDC852C71EC9700AD649C /* TabBarCoordinator.swift */; };
		2ABCDC8C2C71EC9700AD649C /* TabBarController.swift in Sources */ = {isa = PBXBuildFile; fileRef = 2ABCDC872C71EC9700AD649C /* TabBarController.swift */; };
		2AC344002CCE08EF00BEEA5A /* NetworkService.swift in Sources */ = {isa = PBXBuildFile; fileRef = 2AC343FF2CCE08EF00BEEA5A /* NetworkService.swift */; };
		2AC344022CCE094E00BEEA5A /* NetworkError.swift in Sources */ = {isa = PBXBuildFile; fileRef = 2AC344012CCE094E00BEEA5A /* NetworkError.swift */; };
		2AC344042CCE097400BEEA5A /* BaseResponse.swift in Sources */ = {isa = PBXBuildFile; fileRef = 2AC344032CCE097400BEEA5A /* BaseResponse.swift */; };
		2AC344062CCE098200BEEA5A /* HttpMethod.swift in Sources */ = {isa = PBXBuildFile; fileRef = 2AC344052CCE098200BEEA5A /* HttpMethod.swift */; };
		2AC344082CCE099D00BEEA5A /* KeychainWrapper.swift in Sources */ = {isa = PBXBuildFile; fileRef = 2AC344072CCE099D00BEEA5A /* KeychainWrapper.swift */; };
		2AC3440C2CCE0AC800BEEA5A /* NetworkServiceType.swift in Sources */ = {isa = PBXBuildFile; fileRef = 2AC3440B2CCE0AC800BEEA5A /* NetworkServiceType.swift */; };
		2AC3440F2CCE0FF100BEEA5A /* SigninRequestBody.swift in Sources */ = {isa = PBXBuildFile; fileRef = 2AC3440E2CCE0FF100BEEA5A /* SigninRequestBody.swift */; };
		2AC344112CCE0FFB00BEEA5A /* SigninResponseDTO.swift in Sources */ = {isa = PBXBuildFile; fileRef = 2AC344102CCE0FFB00BEEA5A /* SigninResponseDTO.swift */; };
		2AC344152CCE198200BEEA5A /* KakaoSDK in Frameworks */ = {isa = PBXBuildFile; productRef = 2AC344142CCE198200BEEA5A /* KakaoSDK */; };
		2AC344172CCE198200BEEA5A /* KakaoSDKAuth in Frameworks */ = {isa = PBXBuildFile; productRef = 2AC344162CCE198200BEEA5A /* KakaoSDKAuth */; };
		2AC344192CCE198200BEEA5A /* KakaoSDKCert in Frameworks */ = {isa = PBXBuildFile; productRef = 2AC344182CCE198200BEEA5A /* KakaoSDKCert */; };
		2AC3441B2CCE198200BEEA5A /* KakaoSDKCertCore in Frameworks */ = {isa = PBXBuildFile; productRef = 2AC3441A2CCE198200BEEA5A /* KakaoSDKCertCore */; };
		2AC3441D2CCE198200BEEA5A /* KakaoSDKCommon in Frameworks */ = {isa = PBXBuildFile; productRef = 2AC3441C2CCE198200BEEA5A /* KakaoSDKCommon */; };
		2AE7C9E22C8C4D1000A177EF /* UITextView+.swift in Sources */ = {isa = PBXBuildFile; fileRef = 2AE7C9E12C8C4D1000A177EF /* UITextView+.swift */; };
		2AE7C9E42C8D328300A177EF /* Date+.swift in Sources */ = {isa = PBXBuildFile; fileRef = 2AE7C9E32C8D328300A177EF /* Date+.swift */; };
		2AFD06422C8059A700F34C35 /* Config.swift in Sources */ = {isa = PBXBuildFile; fileRef = 2AFD06412C8059A700F34C35 /* Config.swift */; };
		2AFD06442C80B6D200F34C35 /* UIView+.swift in Sources */ = {isa = PBXBuildFile; fileRef = 2AFD06432C80B6D200F34C35 /* UIView+.swift */; };
		2AFD06472C80B9CF00F34C35 /* KakaoMapsSDK-SPM in Frameworks */ = {isa = PBXBuildFile; productRef = 2AFD06462C80B9CF00F34C35 /* KakaoMapsSDK-SPM */; };
		2AFD06492C80BAA500F34C35 /* BaseMapVC.swift in Sources */ = {isa = PBXBuildFile; fileRef = 2AFD06482C80BAA500F34C35 /* BaseMapVC.swift */; };
		2AFD06BA2C84A04A00F34C35 /* MapViewModel.swift in Sources */ = {isa = PBXBuildFile; fileRef = 2AFD06B52C84A04A00F34C35 /* MapViewModel.swift */; };
		2AFD06BB2C84A04A00F34C35 /* MapBottomSheetView.swift in Sources */ = {isa = PBXBuildFile; fileRef = 2AFD06B72C84A04A00F34C35 /* MapBottomSheetView.swift */; };
		2AFD06BC2C84A04A00F34C35 /* MapChatCollectionViewCell.swift in Sources */ = {isa = PBXBuildFile; fileRef = 2AFD06B82C84A04A00F34C35 /* MapChatCollectionViewCell.swift */; };
		2AFD06CE2C84A06700F34C35 /* NavigationView.swift in Sources */ = {isa = PBXBuildFile; fileRef = 2AFD06BD2C84A06700F34C35 /* NavigationView.swift */; };
		2AFD06CF2C84A06700F34C35 /* ChattingRoomCoordinator.swift in Sources */ = {isa = PBXBuildFile; fileRef = 2AFD06C02C84A06700F34C35 /* ChattingRoomCoordinator.swift */; };
		2AFD06D02C84A06700F34C35 /* ChattingRoomVC.swift in Sources */ = {isa = PBXBuildFile; fileRef = 2AFD06C22C84A06700F34C35 /* ChattingRoomVC.swift */; };
		2AFD06D12C84A06700F34C35 /* ChattingRoomViewModel.swift in Sources */ = {isa = PBXBuildFile; fileRef = 2AFD06C42C84A06700F34C35 /* ChattingRoomViewModel.swift */; };
		2AFD06D22C84A06700F34C35 /* AlarmCoordinator.swift in Sources */ = {isa = PBXBuildFile; fileRef = 2AFD06C72C84A06700F34C35 /* AlarmCoordinator.swift */; };
		2AFD06D32C84A06700F34C35 /* AlarmVC.swift in Sources */ = {isa = PBXBuildFile; fileRef = 2AFD06C92C84A06700F34C35 /* AlarmVC.swift */; };
		2AFD06D42C84A06700F34C35 /* AlarmViewModel.swift in Sources */ = {isa = PBXBuildFile; fileRef = 2AFD06CB2C84A06700F34C35 /* AlarmViewModel.swift */; };
		2AFD06D72C84A0E800F34C35 /* RxGesture in Frameworks */ = {isa = PBXBuildFile; productRef = 2AFD06D62C84A0E800F34C35 /* RxGesture */; };
		2AFD06DA2C84A0F400F34C35 /* RxCocoa in Frameworks */ = {isa = PBXBuildFile; productRef = 2AFD06D92C84A0F400F34C35 /* RxCocoa */; };
		2AFD06DC2C84A0F400F34C35 /* RxRelay in Frameworks */ = {isa = PBXBuildFile; productRef = 2AFD06DB2C84A0F400F34C35 /* RxRelay */; };
		2AFD06DF2C84A10100F34C35 /* Kingfisher in Frameworks */ = {isa = PBXBuildFile; productRef = 2AFD06DE2C84A10100F34C35 /* Kingfisher */; };
		2AFD06E32C84A11D00F34C35 /* MapChatData.swift in Sources */ = {isa = PBXBuildFile; fileRef = 2AFD06E02C84A11D00F34C35 /* MapChatData.swift */; };
		2AFD06E62C84A13700F34C35 /* NSObject+.swift in Sources */ = {isa = PBXBuildFile; fileRef = 2AFD06E42C84A13700F34C35 /* NSObject+.swift */; };
		2AFD06E72C84A13700F34C35 /* UIStackView+.swift in Sources */ = {isa = PBXBuildFile; fileRef = 2AFD06E52C84A13700F34C35 /* UIStackView+.swift */; };
		2AFD06EA2C84A26800F34C35 /* MyChatCollectionViewCell.swift in Sources */ = {isa = PBXBuildFile; fileRef = 2AFD06E92C84A26800F34C35 /* MyChatCollectionViewCell.swift */; };
		2AFD06EC2C84AF2000F34C35 /* MyChatData.swift in Sources */ = {isa = PBXBuildFile; fileRef = 2AFD06EB2C84AF2000F34C35 /* MyChatData.swift */; };
		2AFD06EE2C84B2C100F34C35 /* MyChatView.swift in Sources */ = {isa = PBXBuildFile; fileRef = 2AFD06ED2C84B2C100F34C35 /* MyChatView.swift */; };
		2AFD071B2C89793000F34C35 /* AlarmData.swift in Sources */ = {isa = PBXBuildFile; fileRef = 2AFD071A2C89793000F34C35 /* AlarmData.swift */; };
		2AFD07222C8979F800F34C35 /* AlarmView.swift in Sources */ = {isa = PBXBuildFile; fileRef = 2AFD07212C8979F800F34C35 /* AlarmView.swift */; };
		2AFD07242C897A5400F34C35 /* AlarmCollectionViewCell.swift in Sources */ = {isa = PBXBuildFile; fileRef = 2AFD07232C897A5400F34C35 /* AlarmCollectionViewCell.swift */; };
		2AFD072E2C8C22E200F34C35 /* MessageKit in Frameworks */ = {isa = PBXBuildFile; productRef = 2AFD072D2C8C22E200F34C35 /* MessageKit */; };
		2AFD07302C8C25B000F34C35 /* ChattingData.swift in Sources */ = {isa = PBXBuildFile; fileRef = 2AFD072F2C8C25B000F34C35 /* ChattingData.swift */; };
		2AFD07362C8C3AC400F34C35 /* BaseChattingRoomVC.swift in Sources */ = {isa = PBXBuildFile; fileRef = 2AFD07352C8C3AC400F34C35 /* BaseChattingRoomVC.swift */; };
		2AFE09B02CD1C406001CF26B /* SigninRepository.swift in Sources */ = {isa = PBXBuildFile; fileRef = 2AFE09AF2CD1C406001CF26B /* SigninRepository.swift */; };
		2AFE09B42CD1D5AA001CF26B /* HomeRepository.swift in Sources */ = {isa = PBXBuildFile; fileRef = 2AFE09B32CD1D5AA001CF26B /* HomeRepository.swift */; };
		2AFE09B72CD1D657001CF26B /* LocationRequestBody.swift in Sources */ = {isa = PBXBuildFile; fileRef = 2AFE09B62CD1D657001CF26B /* LocationRequestBody.swift */; };
		2AFE09B92CD2121C001CF26B /* OnboardingRepository.swift in Sources */ = {isa = PBXBuildFile; fileRef = 2AFE09B82CD2121C001CF26B /* OnboardingRepository.swift */; };
		2AFE09BB2CD21231001CF26B /* UserRepository.swift in Sources */ = {isa = PBXBuildFile; fileRef = 2AFE09BA2CD21231001CF26B /* UserRepository.swift */; };
		2AFE09BD2CD21249001CF26B /* ChatRepository.swift in Sources */ = {isa = PBXBuildFile; fileRef = 2AFE09BC2CD21249001CF26B /* ChatRepository.swift */; };
		2AFE09BF2CD21A7D001CF26B /* GetUserListDTO.swift in Sources */ = {isa = PBXBuildFile; fileRef = 2AFE09BE2CD21A7D001CF26B /* GetUserListDTO.swift */; };
		2AFE09C12CD21B7F001CF26B /* GetNoticeListDTO.swift in Sources */ = {isa = PBXBuildFile; fileRef = 2AFE09C02CD21B7F001CF26B /* GetNoticeListDTO.swift */; };
		2AFE09C42CD21EFC001CF26B /* NicknameRequestBody.swift in Sources */ = {isa = PBXBuildFile; fileRef = 2AFE09C32CD21EFC001CF26B /* NicknameRequestBody.swift */; };
		2AFE09C62CD3124E001CF26B /* HashTagRequestBody.swift in Sources */ = {isa = PBXBuildFile; fileRef = 2AFE09C52CD3124E001CF26B /* HashTagRequestBody.swift */; };
		2AFE09C82CD312E4001CF26B /* CharacterRequestBody.swift in Sources */ = {isa = PBXBuildFile; fileRef = 2AFE09C72CD312E4001CF26B /* CharacterRequestBody.swift */; };
		2AFE09CA2CD31312001CF26B /* GetCharacterListDTO.swift in Sources */ = {isa = PBXBuildFile; fileRef = 2AFE09C92CD31312001CF26B /* GetCharacterListDTO.swift */; };
		2AFE09CD2CD3142F001CF26B /* BlockRequestBody.swift in Sources */ = {isa = PBXBuildFile; fileRef = 2AFE09CC2CD3142F001CF26B /* BlockRequestBody.swift */; };
		2AFE09CF2CD314A2001CF26B /* GetItemListDTO.swift in Sources */ = {isa = PBXBuildFile; fileRef = 2AFE09CE2CD314A2001CF26B /* GetItemListDTO.swift */; };
		2AFE09D12CD3159F001CF26B /* ItemRequestBody.swift in Sources */ = {isa = PBXBuildFile; fileRef = 2AFE09D02CD3159F001CF26B /* ItemRequestBody.swift */; };
		2AFE09D32CD315F6001CF26B /* GetBackgroundListDTO.swift in Sources */ = {isa = PBXBuildFile; fileRef = 2AFE09D22CD315F6001CF26B /* GetBackgroundListDTO.swift */; };
		2AFE09D52CD3163F001CF26B /* BackgroundRequestBody.swift in Sources */ = {isa = PBXBuildFile; fileRef = 2AFE09D42CD3163F001CF26B /* BackgroundRequestBody.swift */; };
		2AFE09D82CD3167F001CF26B /* GetRoomListDTO.swift in Sources */ = {isa = PBXBuildFile; fileRef = 2AFE09D72CD3167F001CF26B /* GetRoomListDTO.swift */; };
		2AFE09DA2CD316B8001CF26B /* RoomRequestBody.swift in Sources */ = {isa = PBXBuildFile; fileRef = 2AFE09D92CD316B8001CF26B /* RoomRequestBody.swift */; };
		2AFE09DC2CD31706001CF26B /* RoomResponseDTO.swift in Sources */ = {isa = PBXBuildFile; fileRef = 2AFE09DB2CD31706001CF26B /* RoomResponseDTO.swift */; };
		2AFE09DE2CD317A4001CF26B /* GetMyRoomListDTO.swift in Sources */ = {isa = PBXBuildFile; fileRef = 2AFE09DD2CD317A4001CF26B /* GetMyRoomListDTO.swift */; };
		2AFE09E02CD317F3001CF26B /* GetChatListDTO.swift in Sources */ = {isa = PBXBuildFile; fileRef = 2AFE09DF2CD317F3001CF26B /* GetChatListDTO.swift */; };
		2AFE09E22CD32315001CF26B /* UserInfoData.swift in Sources */ = {isa = PBXBuildFile; fileRef = 2AFE09E12CD32315001CF26B /* UserInfoData.swift */; };
		3D16E0A7CB5D37D4F14E0123 /* Pods_ATCH_iOS.framework in Frameworks */ = {isa = PBXBuildFile; fileRef = D26DC690A54597533FCE3D4F /* Pods_ATCH_iOS.framework */; };
/* End PBXBuildFile section */

/* Begin PBXFileReference section */
		2A1BE0E32CB8ECCF00908579 /* SigninCoordinator.swift */ = {isa = PBXFileReference; lastKnownFileType = sourcecode.swift; path = SigninCoordinator.swift; sourceTree = "<group>"; };
		2A1BE0E62CB8ECE100908579 /* SigninVC.swift */ = {isa = PBXFileReference; lastKnownFileType = sourcecode.swift; path = SigninVC.swift; sourceTree = "<group>"; };
		2A1BE0E82CB8ECE700908579 /* SigninViewModel.swift */ = {isa = PBXFileReference; lastKnownFileType = sourcecode.swift; path = SigninViewModel.swift; sourceTree = "<group>"; };
		2A1BE0EE2CBA490700908579 /* CharacterSettingCoordinator.swift */ = {isa = PBXFileReference; lastKnownFileType = sourcecode.swift; path = CharacterSettingCoordinator.swift; sourceTree = "<group>"; };
		2A1BE0F02CBA491100908579 /* NicknameSettingCoordinator.swift */ = {isa = PBXFileReference; lastKnownFileType = sourcecode.swift; path = NicknameSettingCoordinator.swift; sourceTree = "<group>"; };
		2A1BE0F22CBA491E00908579 /* HashTagSettingCoordinator.swift */ = {isa = PBXFileReference; lastKnownFileType = sourcecode.swift; path = HashTagSettingCoordinator.swift; sourceTree = "<group>"; };
		2A1BE0F42CBA494100908579 /* CharacterSettingVC.swift */ = {isa = PBXFileReference; lastKnownFileType = sourcecode.swift; path = CharacterSettingVC.swift; sourceTree = "<group>"; };
		2A1BE0F62CBA494B00908579 /* NicknameSettingVC.swift */ = {isa = PBXFileReference; lastKnownFileType = sourcecode.swift; path = NicknameSettingVC.swift; sourceTree = "<group>"; };
		2A1BE0F82CBA495300908579 /* HashTagSettingVC.swift */ = {isa = PBXFileReference; lastKnownFileType = sourcecode.swift; path = HashTagSettingVC.swift; sourceTree = "<group>"; };
		2A1BE0FA2CBA496A00908579 /* ProfileSettingViewModel.swift */ = {isa = PBXFileReference; lastKnownFileType = sourcecode.swift; path = ProfileSettingViewModel.swift; sourceTree = "<group>"; };
		2A1BE0FD2CBA4D6900908579 /* UserData.swift */ = {isa = PBXFileReference; lastKnownFileType = sourcecode.swift; path = UserData.swift; sourceTree = "<group>"; };
		2A1BE1022CBA4E1D00908579 /* SplashCoordinator.swift */ = {isa = PBXFileReference; lastKnownFileType = sourcecode.swift; path = SplashCoordinator.swift; sourceTree = "<group>"; };
		2A1BE1052CBA4E3800908579 /* SplashVC.swift */ = {isa = PBXFileReference; lastKnownFileType = sourcecode.swift; path = SplashVC.swift; sourceTree = "<group>"; };
		2A1BE1082CBA4E4300908579 /* SplashViewModel.swift */ = {isa = PBXFileReference; lastKnownFileType = sourcecode.swift; path = SplashViewModel.swift; sourceTree = "<group>"; };
		2A1BE10C2CBA4F9800908579 /* en */ = {isa = PBXFileReference; lastKnownFileType = text.json; name = en; path = en.lproj/atch.json; sourceTree = "<group>"; };
		2A1BE1122CBA5B2D00908579 /* CharacterSettingView.swift */ = {isa = PBXFileReference; lastKnownFileType = sourcecode.swift; path = CharacterSettingView.swift; sourceTree = "<group>"; };
		2A1BE11D2CBA9B6700908579 /* AtchPageControl.swift */ = {isa = PBXFileReference; lastKnownFileType = sourcecode.swift; path = AtchPageControl.swift; sourceTree = "<group>"; };
		2A2591AE2CBABD5900B6181E /* NicknameSettingView.swift */ = {isa = PBXFileReference; lastKnownFileType = sourcecode.swift; path = NicknameSettingView.swift; sourceTree = "<group>"; };
		2A2591B02CBB835500B6181E /* HashTagSettingView.swift */ = {isa = PBXFileReference; lastKnownFileType = sourcecode.swift; path = HashTagSettingView.swift; sourceTree = "<group>"; };
		2A2591B22CBBEAFB00B6181E /* ProfileModalView.swift */ = {isa = PBXFileReference; lastKnownFileType = sourcecode.swift; path = ProfileModalView.swift; sourceTree = "<group>"; };
		2A2591B72CBBEEF000B6181E /* ProfileModalVC.swift */ = {isa = PBXFileReference; lastKnownFileType = sourcecode.swift; path = ProfileModalVC.swift; sourceTree = "<group>"; };
		2A2591BA2CBBF39500B6181E /* ProfileModalCoordinator.swift */ = {isa = PBXFileReference; lastKnownFileType = sourcecode.swift; path = ProfileModalCoordinator.swift; sourceTree = "<group>"; };
		2A2591C12CBF8EC900B6181E /* ProfileModalData.swift */ = {isa = PBXFileReference; lastKnownFileType = sourcecode.swift; path = ProfileModalData.swift; sourceTree = "<group>"; };
		2A2591C42CBFF5B700B6181E /* MyPageView.swift */ = {isa = PBXFileReference; lastKnownFileType = sourcecode.swift; path = MyPageView.swift; sourceTree = "<group>"; };
		2A2591C72CBFF78100B6181E /* SettingCell.swift */ = {isa = PBXFileReference; lastKnownFileType = sourcecode.swift; path = SettingCell.swift; sourceTree = "<group>"; };
		2A2591CE2CC0016000B6181E /* PopUpCoordinator.swift */ = {isa = PBXFileReference; lastKnownFileType = sourcecode.swift; path = PopUpCoordinator.swift; sourceTree = "<group>"; };
		2A2591D02CC001B200B6181E /* PopUpView.swift */ = {isa = PBXFileReference; lastKnownFileType = sourcecode.swift; path = PopUpView.swift; sourceTree = "<group>"; };
		2A2591D22CC001B900B6181E /* PopUpVC.swift */ = {isa = PBXFileReference; lastKnownFileType = sourcecode.swift; path = PopUpVC.swift; sourceTree = "<group>"; };
		2A2591D42CC0020000B6181E /* PopUpData.swift */ = {isa = PBXFileReference; lastKnownFileType = sourcecode.swift; path = PopUpData.swift; sourceTree = "<group>"; };
		2A5052002C6D9EBB00DC3E4A /* UIColor+.swift */ = {isa = PBXFileReference; lastKnownFileType = sourcecode.swift; path = "UIColor+.swift"; sourceTree = "<group>"; };
		2A5052022C6D9FE700DC3E4A /* UIFont+.swift */ = {isa = PBXFileReference; lastKnownFileType = sourcecode.swift; path = "UIFont+.swift"; sourceTree = "<group>"; };
		2A5052042C6DA06700DC3E4A /* Adjust+.swift */ = {isa = PBXFileReference; lastKnownFileType = sourcecode.swift; path = "Adjust+.swift"; sourceTree = "<group>"; };
		2A5052072C6DAA4500DC3E4A /* Pretendard-Regular.otf */ = {isa = PBXFileReference; lastKnownFileType = file; path = "Pretendard-Regular.otf"; sourceTree = "<group>"; };
		2A5052082C6DAA4500DC3E4A /* Pretendard-SemiBold.otf */ = {isa = PBXFileReference; lastKnownFileType = file; path = "Pretendard-SemiBold.otf"; sourceTree = "<group>"; };
		2A5052092C6DAA4500DC3E4A /* Pretendard-Medium.otf */ = {isa = PBXFileReference; lastKnownFileType = file; path = "Pretendard-Medium.otf"; sourceTree = "<group>"; };
		2A7B78B72CCD2160003E6F37 /* ProfileEditCoordinator.swift */ = {isa = PBXFileReference; lastKnownFileType = sourcecode.swift; path = ProfileEditCoordinator.swift; sourceTree = "<group>"; };
		2A7B78B92CCD2167003E6F37 /* ProfileEditView.swift */ = {isa = PBXFileReference; lastKnownFileType = sourcecode.swift; path = ProfileEditView.swift; sourceTree = "<group>"; };
		2A7B78BB2CCD216F003E6F37 /* ProfileEditVC.swift */ = {isa = PBXFileReference; lastKnownFileType = sourcecode.swift; path = ProfileEditVC.swift; sourceTree = "<group>"; };
		2A7B78BE2CCD2AF9003E6F37 /* HashTagStackView.swift */ = {isa = PBXFileReference; lastKnownFileType = sourcecode.swift; path = HashTagStackView.swift; sourceTree = "<group>"; };
		2A7B78C02CCD344F003E6F37 /* CharacterEditCoordinator.swift */ = {isa = PBXFileReference; lastKnownFileType = sourcecode.swift; path = CharacterEditCoordinator.swift; sourceTree = "<group>"; };
		2A7B78C22CCD3493003E6F37 /* CharacterEditVC.swift */ = {isa = PBXFileReference; lastKnownFileType = sourcecode.swift; path = CharacterEditVC.swift; sourceTree = "<group>"; };
		2A85A92E2BF869C10030B4F4 /* ATCH-iOS.app */ = {isa = PBXFileReference; explicitFileType = wrapper.application; includeInIndex = 0; path = "ATCH-iOS.app"; sourceTree = BUILT_PRODUCTS_DIR; };
		2A85A9312BF869C20030B4F4 /* AppDelegate.swift */ = {isa = PBXFileReference; lastKnownFileType = sourcecode.swift; path = AppDelegate.swift; sourceTree = "<group>"; };
		2A85A9332BF869C20030B4F4 /* SceneDelegate.swift */ = {isa = PBXFileReference; lastKnownFileType = sourcecode.swift; path = SceneDelegate.swift; sourceTree = "<group>"; };
		2A85A93A2BF869C20030B4F4 /* Assets.xcassets */ = {isa = PBXFileReference; lastKnownFileType = folder.assetcatalog; path = Assets.xcassets; sourceTree = "<group>"; };
		2A85A93D2BF869C20030B4F4 /* Base */ = {isa = PBXFileReference; lastKnownFileType = file.storyboard; name = Base; path = Base.lproj/LaunchScreen.storyboard; sourceTree = "<group>"; };
		2A85A93F2BF869C20030B4F4 /* Info.plist */ = {isa = PBXFileReference; lastKnownFileType = text.plist.xml; path = Info.plist; sourceTree = "<group>"; };
		2A94B6282CCE3D1800C281B9 /* ATCH-iOS.entitlements */ = {isa = PBXFileReference; lastKnownFileType = text.plist.entitlements; path = "ATCH-iOS.entitlements"; sourceTree = "<group>"; };
		2ABCDC5D2C71EC3C00AD649C /* AllChatCoordinator.swift */ = {isa = PBXFileReference; fileEncoding = 4; lastKnownFileType = sourcecode.swift; path = AllChatCoordinator.swift; sourceTree = "<group>"; };
		2ABCDC5F2C71EC3C00AD649C /* AllChatVC.swift */ = {isa = PBXFileReference; fileEncoding = 4; lastKnownFileType = sourcecode.swift; path = AllChatVC.swift; sourceTree = "<group>"; };
		2ABCDC642C71EC4300AD649C /* AppCoordinator.swift */ = {isa = PBXFileReference; fileEncoding = 4; lastKnownFileType = sourcecode.swift; path = AppCoordinator.swift; sourceTree = "<group>"; };
		2ABCDC652C71EC4300AD649C /* Coordinator.swift */ = {isa = PBXFileReference; fileEncoding = 4; lastKnownFileType = sourcecode.swift; path = Coordinator.swift; sourceTree = "<group>"; };
		2ABCDC662C71EC4300AD649C /* CoordinatorType.swift */ = {isa = PBXFileReference; fileEncoding = 4; lastKnownFileType = sourcecode.swift; path = CoordinatorType.swift; sourceTree = "<group>"; };
		2ABCDC6C2C71EC5100AD649C /* UIWindow+.swift */ = {isa = PBXFileReference; fileEncoding = 4; lastKnownFileType = sourcecode.swift; name = "UIWindow+.swift"; path = "ATCH-iOS/Extension/UIWindow+.swift"; sourceTree = SOURCE_ROOT; };
		2ABCDC6E2C71EC5C00AD649C /* MapCoordinator.swift */ = {isa = PBXFileReference; fileEncoding = 4; lastKnownFileType = sourcecode.swift; path = MapCoordinator.swift; sourceTree = "<group>"; };
		2ABCDC702C71EC5C00AD649C /* MapVC.swift */ = {isa = PBXFileReference; fileEncoding = 4; lastKnownFileType = sourcecode.swift; path = MapVC.swift; sourceTree = "<group>"; };
		2ABCDC752C71EC6300AD649C /* MyPageCoordinator.swift */ = {isa = PBXFileReference; fileEncoding = 4; lastKnownFileType = sourcecode.swift; path = MyPageCoordinator.swift; sourceTree = "<group>"; };
		2ABCDC772C71EC6300AD649C /* MyPageVC.swift */ = {isa = PBXFileReference; fileEncoding = 4; lastKnownFileType = sourcecode.swift; path = MyPageVC.swift; sourceTree = "<group>"; };
		2ABCDC7C2C71EC6C00AD649C /* MyChatCoordinator.swift */ = {isa = PBXFileReference; fileEncoding = 4; lastKnownFileType = sourcecode.swift; path = MyChatCoordinator.swift; sourceTree = "<group>"; };
		2ABCDC7E2C71EC6C00AD649C /* MyChatVC.swift */ = {isa = PBXFileReference; fileEncoding = 4; lastKnownFileType = sourcecode.swift; path = MyChatVC.swift; sourceTree = "<group>"; };
		2ABCDC832C71EC9700AD649C /* TabBar.swift */ = {isa = PBXFileReference; fileEncoding = 4; lastKnownFileType = sourcecode.swift; path = TabBar.swift; sourceTree = "<group>"; };
		2ABCDC852C71EC9700AD649C /* TabBarCoordinator.swift */ = {isa = PBXFileReference; fileEncoding = 4; lastKnownFileType = sourcecode.swift; path = TabBarCoordinator.swift; sourceTree = "<group>"; };
		2ABCDC872C71EC9700AD649C /* TabBarController.swift */ = {isa = PBXFileReference; fileEncoding = 4; lastKnownFileType = sourcecode.swift; path = TabBarController.swift; sourceTree = "<group>"; };
		2AC343FF2CCE08EF00BEEA5A /* NetworkService.swift */ = {isa = PBXFileReference; lastKnownFileType = sourcecode.swift; path = NetworkService.swift; sourceTree = "<group>"; };
		2AC344012CCE094E00BEEA5A /* NetworkError.swift */ = {isa = PBXFileReference; lastKnownFileType = sourcecode.swift; path = NetworkError.swift; sourceTree = "<group>"; };
		2AC344032CCE097400BEEA5A /* BaseResponse.swift */ = {isa = PBXFileReference; lastKnownFileType = sourcecode.swift; path = BaseResponse.swift; sourceTree = "<group>"; };
		2AC344052CCE098200BEEA5A /* HttpMethod.swift */ = {isa = PBXFileReference; lastKnownFileType = sourcecode.swift; path = HttpMethod.swift; sourceTree = "<group>"; };
		2AC344072CCE099D00BEEA5A /* KeychainWrapper.swift */ = {isa = PBXFileReference; lastKnownFileType = sourcecode.swift; path = KeychainWrapper.swift; sourceTree = "<group>"; };
		2AC3440B2CCE0AC800BEEA5A /* NetworkServiceType.swift */ = {isa = PBXFileReference; lastKnownFileType = sourcecode.swift; path = NetworkServiceType.swift; sourceTree = "<group>"; };
		2AC3440E2CCE0FF100BEEA5A /* SigninRequestBody.swift */ = {isa = PBXFileReference; lastKnownFileType = sourcecode.swift; path = SigninRequestBody.swift; sourceTree = "<group>"; };
		2AC344102CCE0FFB00BEEA5A /* SigninResponseDTO.swift */ = {isa = PBXFileReference; lastKnownFileType = sourcecode.swift; path = SigninResponseDTO.swift; sourceTree = "<group>"; };
		2AE7C9E12C8C4D1000A177EF /* UITextView+.swift */ = {isa = PBXFileReference; lastKnownFileType = sourcecode.swift; path = "UITextView+.swift"; sourceTree = "<group>"; };
		2AE7C9E32C8D328300A177EF /* Date+.swift */ = {isa = PBXFileReference; lastKnownFileType = sourcecode.swift; path = "Date+.swift"; sourceTree = "<group>"; };
		2AFD06402C80588500F34C35 /* Config.xcconfig */ = {isa = PBXFileReference; lastKnownFileType = text.xcconfig; path = Config.xcconfig; sourceTree = "<group>"; };
		2AFD06412C8059A700F34C35 /* Config.swift */ = {isa = PBXFileReference; lastKnownFileType = sourcecode.swift; path = Config.swift; sourceTree = "<group>"; };
		2AFD06432C80B6D200F34C35 /* UIView+.swift */ = {isa = PBXFileReference; lastKnownFileType = sourcecode.swift; path = "UIView+.swift"; sourceTree = "<group>"; };
		2AFD06482C80BAA500F34C35 /* BaseMapVC.swift */ = {isa = PBXFileReference; lastKnownFileType = sourcecode.swift; path = BaseMapVC.swift; sourceTree = "<group>"; };
		2AFD06B52C84A04A00F34C35 /* MapViewModel.swift */ = {isa = PBXFileReference; fileEncoding = 4; lastKnownFileType = sourcecode.swift; path = MapViewModel.swift; sourceTree = "<group>"; };
		2AFD06B72C84A04A00F34C35 /* MapBottomSheetView.swift */ = {isa = PBXFileReference; fileEncoding = 4; lastKnownFileType = sourcecode.swift; path = MapBottomSheetView.swift; sourceTree = "<group>"; };
		2AFD06B82C84A04A00F34C35 /* MapChatCollectionViewCell.swift */ = {isa = PBXFileReference; fileEncoding = 4; lastKnownFileType = sourcecode.swift; path = MapChatCollectionViewCell.swift; sourceTree = "<group>"; };
		2AFD06BD2C84A06700F34C35 /* NavigationView.swift */ = {isa = PBXFileReference; fileEncoding = 4; lastKnownFileType = sourcecode.swift; path = NavigationView.swift; sourceTree = "<group>"; };
		2AFD06C02C84A06700F34C35 /* ChattingRoomCoordinator.swift */ = {isa = PBXFileReference; fileEncoding = 4; lastKnownFileType = sourcecode.swift; path = ChattingRoomCoordinator.swift; sourceTree = "<group>"; };
		2AFD06C22C84A06700F34C35 /* ChattingRoomVC.swift */ = {isa = PBXFileReference; fileEncoding = 4; lastKnownFileType = sourcecode.swift; path = ChattingRoomVC.swift; sourceTree = "<group>"; };
		2AFD06C42C84A06700F34C35 /* ChattingRoomViewModel.swift */ = {isa = PBXFileReference; fileEncoding = 4; lastKnownFileType = sourcecode.swift; path = ChattingRoomViewModel.swift; sourceTree = "<group>"; };
		2AFD06C72C84A06700F34C35 /* AlarmCoordinator.swift */ = {isa = PBXFileReference; fileEncoding = 4; lastKnownFileType = sourcecode.swift; path = AlarmCoordinator.swift; sourceTree = "<group>"; };
		2AFD06C92C84A06700F34C35 /* AlarmVC.swift */ = {isa = PBXFileReference; fileEncoding = 4; lastKnownFileType = sourcecode.swift; path = AlarmVC.swift; sourceTree = "<group>"; };
		2AFD06CB2C84A06700F34C35 /* AlarmViewModel.swift */ = {isa = PBXFileReference; fileEncoding = 4; lastKnownFileType = sourcecode.swift; path = AlarmViewModel.swift; sourceTree = "<group>"; };
		2AFD06E02C84A11D00F34C35 /* MapChatData.swift */ = {isa = PBXFileReference; fileEncoding = 4; lastKnownFileType = sourcecode.swift; path = MapChatData.swift; sourceTree = "<group>"; };
		2AFD06E42C84A13700F34C35 /* NSObject+.swift */ = {isa = PBXFileReference; fileEncoding = 4; lastKnownFileType = sourcecode.swift; path = "NSObject+.swift"; sourceTree = "<group>"; };
		2AFD06E52C84A13700F34C35 /* UIStackView+.swift */ = {isa = PBXFileReference; fileEncoding = 4; lastKnownFileType = sourcecode.swift; path = "UIStackView+.swift"; sourceTree = "<group>"; };
		2AFD06E92C84A26800F34C35 /* MyChatCollectionViewCell.swift */ = {isa = PBXFileReference; lastKnownFileType = sourcecode.swift; path = MyChatCollectionViewCell.swift; sourceTree = "<group>"; };
		2AFD06EB2C84AF2000F34C35 /* MyChatData.swift */ = {isa = PBXFileReference; lastKnownFileType = sourcecode.swift; path = MyChatData.swift; sourceTree = "<group>"; };
		2AFD06ED2C84B2C100F34C35 /* MyChatView.swift */ = {isa = PBXFileReference; lastKnownFileType = sourcecode.swift; path = MyChatView.swift; sourceTree = "<group>"; };
		2AFD071A2C89793000F34C35 /* AlarmData.swift */ = {isa = PBXFileReference; lastKnownFileType = sourcecode.swift; path = AlarmData.swift; sourceTree = "<group>"; };
		2AFD07212C8979F800F34C35 /* AlarmView.swift */ = {isa = PBXFileReference; lastKnownFileType = sourcecode.swift; path = AlarmView.swift; sourceTree = "<group>"; };
		2AFD07232C897A5400F34C35 /* AlarmCollectionViewCell.swift */ = {isa = PBXFileReference; lastKnownFileType = sourcecode.swift; path = AlarmCollectionViewCell.swift; sourceTree = "<group>"; };
		2AFD072F2C8C25B000F34C35 /* ChattingData.swift */ = {isa = PBXFileReference; lastKnownFileType = sourcecode.swift; path = ChattingData.swift; sourceTree = "<group>"; };
		2AFD07352C8C3AC400F34C35 /* BaseChattingRoomVC.swift */ = {isa = PBXFileReference; lastKnownFileType = sourcecode.swift; path = BaseChattingRoomVC.swift; sourceTree = "<group>"; };
		2AFE09AF2CD1C406001CF26B /* SigninRepository.swift */ = {isa = PBXFileReference; lastKnownFileType = sourcecode.swift; path = SigninRepository.swift; sourceTree = "<group>"; };
		2AFE09B32CD1D5AA001CF26B /* HomeRepository.swift */ = {isa = PBXFileReference; lastKnownFileType = sourcecode.swift; path = HomeRepository.swift; sourceTree = "<group>"; };
		2AFE09B62CD1D657001CF26B /* LocationRequestBody.swift */ = {isa = PBXFileReference; lastKnownFileType = sourcecode.swift; path = LocationRequestBody.swift; sourceTree = "<group>"; };
		2AFE09B82CD2121C001CF26B /* OnboardingRepository.swift */ = {isa = PBXFileReference; lastKnownFileType = sourcecode.swift; path = OnboardingRepository.swift; sourceTree = "<group>"; };
		2AFE09BA2CD21231001CF26B /* UserRepository.swift */ = {isa = PBXFileReference; lastKnownFileType = sourcecode.swift; path = UserRepository.swift; sourceTree = "<group>"; };
		2AFE09BC2CD21249001CF26B /* ChatRepository.swift */ = {isa = PBXFileReference; lastKnownFileType = sourcecode.swift; path = ChatRepository.swift; sourceTree = "<group>"; };
		2AFE09BE2CD21A7D001CF26B /* GetUserListDTO.swift */ = {isa = PBXFileReference; lastKnownFileType = sourcecode.swift; path = GetUserListDTO.swift; sourceTree = "<group>"; };
		2AFE09C02CD21B7F001CF26B /* GetNoticeListDTO.swift */ = {isa = PBXFileReference; lastKnownFileType = sourcecode.swift; path = GetNoticeListDTO.swift; sourceTree = "<group>"; };
		2AFE09C32CD21EFC001CF26B /* NicknameRequestBody.swift */ = {isa = PBXFileReference; lastKnownFileType = sourcecode.swift; path = NicknameRequestBody.swift; sourceTree = "<group>"; };
		2AFE09C52CD3124E001CF26B /* HashTagRequestBody.swift */ = {isa = PBXFileReference; lastKnownFileType = sourcecode.swift; path = HashTagRequestBody.swift; sourceTree = "<group>"; };
		2AFE09C72CD312E4001CF26B /* CharacterRequestBody.swift */ = {isa = PBXFileReference; lastKnownFileType = sourcecode.swift; path = CharacterRequestBody.swift; sourceTree = "<group>"; };
		2AFE09C92CD31312001CF26B /* GetCharacterListDTO.swift */ = {isa = PBXFileReference; lastKnownFileType = sourcecode.swift; path = GetCharacterListDTO.swift; sourceTree = "<group>"; };
		2AFE09CC2CD3142F001CF26B /* BlockRequestBody.swift */ = {isa = PBXFileReference; lastKnownFileType = sourcecode.swift; path = BlockRequestBody.swift; sourceTree = "<group>"; };
		2AFE09CE2CD314A2001CF26B /* GetItemListDTO.swift */ = {isa = PBXFileReference; lastKnownFileType = sourcecode.swift; path = GetItemListDTO.swift; sourceTree = "<group>"; };
		2AFE09D02CD3159F001CF26B /* ItemRequestBody.swift */ = {isa = PBXFileReference; lastKnownFileType = sourcecode.swift; path = ItemRequestBody.swift; sourceTree = "<group>"; };
		2AFE09D22CD315F6001CF26B /* GetBackgroundListDTO.swift */ = {isa = PBXFileReference; lastKnownFileType = sourcecode.swift; path = GetBackgroundListDTO.swift; sourceTree = "<group>"; };
		2AFE09D42CD3163F001CF26B /* BackgroundRequestBody.swift */ = {isa = PBXFileReference; lastKnownFileType = sourcecode.swift; path = BackgroundRequestBody.swift; sourceTree = "<group>"; };
		2AFE09D72CD3167F001CF26B /* GetRoomListDTO.swift */ = {isa = PBXFileReference; lastKnownFileType = sourcecode.swift; path = GetRoomListDTO.swift; sourceTree = "<group>"; };
		2AFE09D92CD316B8001CF26B /* RoomRequestBody.swift */ = {isa = PBXFileReference; lastKnownFileType = sourcecode.swift; path = RoomRequestBody.swift; sourceTree = "<group>"; };
		2AFE09DB2CD31706001CF26B /* RoomResponseDTO.swift */ = {isa = PBXFileReference; lastKnownFileType = sourcecode.swift; path = RoomResponseDTO.swift; sourceTree = "<group>"; };
		2AFE09DD2CD317A4001CF26B /* GetMyRoomListDTO.swift */ = {isa = PBXFileReference; lastKnownFileType = sourcecode.swift; path = GetMyRoomListDTO.swift; sourceTree = "<group>"; };
		2AFE09DF2CD317F3001CF26B /* GetChatListDTO.swift */ = {isa = PBXFileReference; lastKnownFileType = sourcecode.swift; path = GetChatListDTO.swift; sourceTree = "<group>"; };
		2AFE09E12CD32315001CF26B /* UserInfoData.swift */ = {isa = PBXFileReference; lastKnownFileType = sourcecode.swift; path = UserInfoData.swift; sourceTree = "<group>"; };
		559D6D8F22DF04CD75C9BCC6 /* Pods-ATCH-iOS.release.xcconfig */ = {isa = PBXFileReference; includeInIndex = 1; lastKnownFileType = text.xcconfig; name = "Pods-ATCH-iOS.release.xcconfig"; path = "Target Support Files/Pods-ATCH-iOS/Pods-ATCH-iOS.release.xcconfig"; sourceTree = "<group>"; };
		D26DC690A54597533FCE3D4F /* Pods_ATCH_iOS.framework */ = {isa = PBXFileReference; explicitFileType = wrapper.framework; includeInIndex = 0; path = Pods_ATCH_iOS.framework; sourceTree = BUILT_PRODUCTS_DIR; };
		F0AC03EEAF5A52DB29F667C5 /* Pods-ATCH-iOS.debug.xcconfig */ = {isa = PBXFileReference; includeInIndex = 1; lastKnownFileType = text.xcconfig; name = "Pods-ATCH-iOS.debug.xcconfig"; path = "Target Support Files/Pods-ATCH-iOS/Pods-ATCH-iOS.debug.xcconfig"; sourceTree = "<group>"; };
/* End PBXFileReference section */

/* Begin PBXFrameworksBuildPhase section */
		2A85A92B2BF869C10030B4F4 /* Frameworks */ = {
			isa = PBXFrameworksBuildPhase;
			buildActionMask = 2147483647;
			files = (
				2AFD06DC2C84A0F400F34C35 /* RxRelay in Frameworks */,
				2AC344152CCE198200BEEA5A /* KakaoSDK in Frameworks */,
				2ABBF7072C5CC16F00B12315 /* SnapKit in Frameworks */,
				2AC344192CCE198200BEEA5A /* KakaoSDKCert in Frameworks */,
				2AFD06DF2C84A10100F34C35 /* Kingfisher in Frameworks */,
				2ABBF70A2C5CC19600B12315 /* Then in Frameworks */,
				2AFD06DA2C84A0F400F34C35 /* RxCocoa in Frameworks */,
				2AC344172CCE198200BEEA5A /* KakaoSDKAuth in Frameworks */,
				2AC3441D2CCE198200BEEA5A /* KakaoSDKCommon in Frameworks */,
				2AFD06D72C84A0E800F34C35 /* RxGesture in Frameworks */,
				2AFD06472C80B9CF00F34C35 /* KakaoMapsSDK-SPM in Frameworks */,
				2A1BE1102CBA509900908579 /* Lottie in Frameworks */,
				2AFD072E2C8C22E200F34C35 /* MessageKit in Frameworks */,
				2AC3441B2CCE198200BEEA5A /* KakaoSDKCertCore in Frameworks */,
				3D16E0A7CB5D37D4F14E0123 /* Pods_ATCH_iOS.framework in Frameworks */,
			);
			runOnlyForDeploymentPostprocessing = 0;
		};
/* End PBXFrameworksBuildPhase section */

/* Begin PBXGroup section */
		1219718CAF1908DAF9C0F501 /* Pods */ = {
			isa = PBXGroup;
			children = (
				F0AC03EEAF5A52DB29F667C5 /* Pods-ATCH-iOS.debug.xcconfig */,
				559D6D8F22DF04CD75C9BCC6 /* Pods-ATCH-iOS.release.xcconfig */,
			);
			path = Pods;
			sourceTree = "<group>";
		};
		2A1BE0DE2CB8EC8F00908579 /* Signin */ = {
			isa = PBXGroup;
			children = (
				2A1BE0DF2CB8EC9E00908579 /* Coordinator */,
				2A1BE0E02CB8ECAA00908579 /* VC */,
				2A1BE0E12CB8ECAE00908579 /* ViewModel */,
			);
			path = Signin;
			sourceTree = "<group>";
		};
		2A1BE0DF2CB8EC9E00908579 /* Coordinator */ = {
			isa = PBXGroup;
			children = (
				2A1BE0E32CB8ECCF00908579 /* SigninCoordinator.swift */,
			);
			path = Coordinator;
			sourceTree = "<group>";
		};
		2A1BE0E02CB8ECAA00908579 /* VC */ = {
			isa = PBXGroup;
			children = (
				2A1BE0E62CB8ECE100908579 /* SigninVC.swift */,
			);
			path = VC;
			sourceTree = "<group>";
		};
		2A1BE0E12CB8ECAE00908579 /* ViewModel */ = {
			isa = PBXGroup;
			children = (
				2A1BE0E82CB8ECE700908579 /* SigninViewModel.swift */,
			);
			path = ViewModel;
			sourceTree = "<group>";
		};
		2A1BE0EA2CBA48B200908579 /* ProfileSetting */ = {
			isa = PBXGroup;
			children = (
				2A1BE0ED2CBA48D900908579 /* Coordinator */,
				2A1BE1112CBA5B1F00908579 /* View */,
				2A1BE0EC2CBA48D600908579 /* VC */,
				2A1BE0EB2CBA48D100908579 /* ViewModel */,
			);
			path = ProfileSetting;
			sourceTree = "<group>";
		};
		2A1BE0EB2CBA48D100908579 /* ViewModel */ = {
			isa = PBXGroup;
			children = (
				2A1BE0FA2CBA496A00908579 /* ProfileSettingViewModel.swift */,
			);
			path = ViewModel;
			sourceTree = "<group>";
		};
		2A1BE0EC2CBA48D600908579 /* VC */ = {
			isa = PBXGroup;
			children = (
				2A1BE0F42CBA494100908579 /* CharacterSettingVC.swift */,
				2A1BE0F62CBA494B00908579 /* NicknameSettingVC.swift */,
				2A1BE0F82CBA495300908579 /* HashTagSettingVC.swift */,
			);
			path = VC;
			sourceTree = "<group>";
		};
		2A1BE0ED2CBA48D900908579 /* Coordinator */ = {
			isa = PBXGroup;
			children = (
				2A1BE0EE2CBA490700908579 /* CharacterSettingCoordinator.swift */,
				2A1BE0F02CBA491100908579 /* NicknameSettingCoordinator.swift */,
				2A1BE0F22CBA491E00908579 /* HashTagSettingCoordinator.swift */,
			);
			path = Coordinator;
			sourceTree = "<group>";
		};
		2A1BE0FC2CBA4D5200908579 /* Singleton */ = {
			isa = PBXGroup;
			children = (
				2A1BE0FD2CBA4D6900908579 /* UserData.swift */,
			);
			path = Singleton;
			sourceTree = "<group>";
		};
		2A1BE0FF2CBA4DD700908579 /* Splash */ = {
			isa = PBXGroup;
			children = (
				2A1BE1012CBA4E1000908579 /* Coordinator */,
				2A1BE1042CBA4E1F00908579 /* VC */,
				2A1BE1072CBA4E3B00908579 /* ViewModel */,
			);
			path = Splash;
			sourceTree = "<group>";
		};
		2A1BE1012CBA4E1000908579 /* Coordinator */ = {
			isa = PBXGroup;
			children = (
				2A1BE1022CBA4E1D00908579 /* SplashCoordinator.swift */,
			);
			path = Coordinator;
			sourceTree = "<group>";
		};
		2A1BE1042CBA4E1F00908579 /* VC */ = {
			isa = PBXGroup;
			children = (
				2A1BE1052CBA4E3800908579 /* SplashVC.swift */,
			);
			path = VC;
			sourceTree = "<group>";
		};
		2A1BE1072CBA4E3B00908579 /* ViewModel */ = {
			isa = PBXGroup;
			children = (
				2A1BE1082CBA4E4300908579 /* SplashViewModel.swift */,
			);
			path = ViewModel;
			sourceTree = "<group>";
		};
		2A1BE10A2CBA4F7B00908579 /* Lottie */ = {
			isa = PBXGroup;
			children = (
				2A1BE10B2CBA4F9800908579 /* atch.json */,
			);
			path = Lottie;
			sourceTree = "<group>";
		};
		2A1BE1112CBA5B1F00908579 /* View */ = {
			isa = PBXGroup;
			children = (
				2A1BE1122CBA5B2D00908579 /* CharacterSettingView.swift */,
				2A2591AE2CBABD5900B6181E /* NicknameSettingView.swift */,
				2A2591B02CBB835500B6181E /* HashTagSettingView.swift */,
			);
			path = View;
			sourceTree = "<group>";
		};
		2A1BE11C2CBA9B5C00908579 /* PageControl */ = {
			isa = PBXGroup;
			children = (
				2A1BE11D2CBA9B6700908579 /* AtchPageControl.swift */,
			);
			path = PageControl;
			sourceTree = "<group>";
		};
		2A2591B42CBBEB0100B6181E /* View */ = {
			isa = PBXGroup;
			children = (
				2A2591B22CBBEAFB00B6181E /* ProfileModalView.swift */,
			);
			path = View;
			sourceTree = "<group>";
		};
		2A2591B52CBBEEDE00B6181E /* ProfileModal */ = {
			isa = PBXGroup;
			children = (
				2A2591B92CBBF38900B6181E /* Coordinator */,
				2A2591B62CBBEEE800B6181E /* VC */,
				2A2591B42CBBEB0100B6181E /* View */,
			);
			path = ProfileModal;
			sourceTree = "<group>";
		};
		2A2591B62CBBEEE800B6181E /* VC */ = {
			isa = PBXGroup;
			children = (
				2A2591B72CBBEEF000B6181E /* ProfileModalVC.swift */,
			);
			path = VC;
			sourceTree = "<group>";
		};
		2A2591B92CBBF38900B6181E /* Coordinator */ = {
			isa = PBXGroup;
			children = (
				2A2591BA2CBBF39500B6181E /* ProfileModalCoordinator.swift */,
			);
			path = Coordinator;
			sourceTree = "<group>";
		};
		2A2591C32CBFF5AF00B6181E /* View */ = {
			isa = PBXGroup;
			children = (
				2A2591C42CBFF5B700B6181E /* MyPageView.swift */,
			);
			path = View;
			sourceTree = "<group>";
		};
		2A2591C62CBFF77700B6181E /* SettingCell */ = {
			isa = PBXGroup;
			children = (
				2A2591C72CBFF78100B6181E /* SettingCell.swift */,
			);
			path = SettingCell;
			sourceTree = "<group>";
		};
		2A2591C92CC0013A00B6181E /* PopUp */ = {
			isa = PBXGroup;
			children = (
				2A2591CA2CC0014400B6181E /* Coordinator */,
				2A2591CC2CC0014C00B6181E /* View */,
				2A2591CB2CC0014900B6181E /* VC */,
			);
			path = PopUp;
			sourceTree = "<group>";
		};
		2A2591CA2CC0014400B6181E /* Coordinator */ = {
			isa = PBXGroup;
			children = (
				2A2591CE2CC0016000B6181E /* PopUpCoordinator.swift */,
			);
			path = Coordinator;
			sourceTree = "<group>";
		};
		2A2591CB2CC0014900B6181E /* VC */ = {
			isa = PBXGroup;
			children = (
				2A2591D22CC001B900B6181E /* PopUpVC.swift */,
			);
			path = VC;
			sourceTree = "<group>";
		};
		2A2591CC2CC0014C00B6181E /* View */ = {
			isa = PBXGroup;
			children = (
				2A2591D02CC001B200B6181E /* PopUpView.swift */,
			);
			path = View;
			sourceTree = "<group>";
		};
		2A5051FC2C6D9E6D00DC3E4A /* Support */ = {
			isa = PBXGroup;
			children = (
				2A85A9312BF869C20030B4F4 /* AppDelegate.swift */,
				2A85A9332BF869C20030B4F4 /* SceneDelegate.swift */,
			);
			path = Support;
			sourceTree = "<group>";
		};
		2A5051FD2C6D9E7900DC3E4A /* Scene */ = {
			isa = PBXGroup;
			children = (
				2A7B78B02CCD211D003E6F37 /* CharacterEdit */,
				2A7B78AF2CCD2116003E6F37 /* ProfileEdit */,
				2ABCDC682C71EC4300AD649C /* Base */,
				2AFD06BF2C84A06700F34C35 /* Components */,
				2A1BE0FF2CBA4DD700908579 /* Splash */,
				2A1BE0DE2CB8EC8F00908579 /* Signin */,
				2A1BE0EA2CBA48B200908579 /* ProfileSetting */,
				2AFD06CD2C84A06700F34C35 /* Alarm */,
				2AFD06C62C84A06700F34C35 /* ChattingRoom */,
				2ABCDC722C71EC5C00AD649C /* Map */,
				2ABCDC802C71EC6C00AD649C /* MyChat */,
				2ABCDC612C71EC3C00AD649C /* AllChat */,
				2ABCDC792C71EC6300AD649C /* MyPage */,
				2ABCDC892C71EC9700AD649C /* TabBar */,
			);
			path = Scene;
			sourceTree = "<group>";
		};
		2A5051FE2C6D9E9200DC3E4A /* Resource */ = {
			isa = PBXGroup;
			children = (
				2A1BE10A2CBA4F7B00908579 /* Lottie */,
				2A5052062C6DA3B100DC3E4A /* Font */,
				2A85A93A2BF869C20030B4F4 /* Assets.xcassets */,
			);
			path = Resource;
			sourceTree = "<group>";
		};
		2A5051FF2C6D9EA800DC3E4A /* Extension */ = {
			isa = PBXGroup;
			children = (
				2AFD06E42C84A13700F34C35 /* NSObject+.swift */,
				2AFD06E52C84A13700F34C35 /* UIStackView+.swift */,
				2ABCDC6C2C71EC5100AD649C /* UIWindow+.swift */,
				2A5052002C6D9EBB00DC3E4A /* UIColor+.swift */,
				2A5052022C6D9FE700DC3E4A /* UIFont+.swift */,
				2A5052042C6DA06700DC3E4A /* Adjust+.swift */,
				2AFD06432C80B6D200F34C35 /* UIView+.swift */,
				2AE7C9E12C8C4D1000A177EF /* UITextView+.swift */,
				2AE7C9E32C8D328300A177EF /* Date+.swift */,
			);
			path = Extension;
			sourceTree = "<group>";
		};
		2A5052062C6DA3B100DC3E4A /* Font */ = {
			isa = PBXGroup;
			children = (
				2A5052092C6DAA4500DC3E4A /* Pretendard-Medium.otf */,
				2A5052072C6DAA4500DC3E4A /* Pretendard-Regular.otf */,
				2A5052082C6DAA4500DC3E4A /* Pretendard-SemiBold.otf */,
			);
			path = Font;
			sourceTree = "<group>";
		};
		2A7B78AF2CCD2116003E6F37 /* ProfileEdit */ = {
			isa = PBXGroup;
			children = (
				2A7B78B22CCD213F003E6F37 /* Coordinator */,
				2A7B78B32CCD2144003E6F37 /* View */,
				2A7B78B12CCD213A003E6F37 /* VC */,
			);
			path = ProfileEdit;
			sourceTree = "<group>";
		};
		2A7B78B02CCD211D003E6F37 /* CharacterEdit */ = {
			isa = PBXGroup;
			children = (
				2A7B78B62CCD214F003E6F37 /* Coordinator */,
				2A7B78B52CCD214C003E6F37 /* View */,
				2A7B78B42CCD2149003E6F37 /* VC */,
			);
			path = CharacterEdit;
			sourceTree = "<group>";
		};
		2A7B78B12CCD213A003E6F37 /* VC */ = {
			isa = PBXGroup;
			children = (
				2A7B78BB2CCD216F003E6F37 /* ProfileEditVC.swift */,
			);
			path = VC;
			sourceTree = "<group>";
		};
		2A7B78B22CCD213F003E6F37 /* Coordinator */ = {
			isa = PBXGroup;
			children = (
				2A7B78B72CCD2160003E6F37 /* ProfileEditCoordinator.swift */,
			);
			path = Coordinator;
			sourceTree = "<group>";
		};
		2A7B78B32CCD2144003E6F37 /* View */ = {
			isa = PBXGroup;
			children = (
				2A7B78B92CCD2167003E6F37 /* ProfileEditView.swift */,
			);
			path = View;
			sourceTree = "<group>";
		};
		2A7B78B42CCD2149003E6F37 /* VC */ = {
			isa = PBXGroup;
			children = (
				2A7B78C22CCD3493003E6F37 /* CharacterEditVC.swift */,
			);
			path = VC;
			sourceTree = "<group>";
		};
		2A7B78B52CCD214C003E6F37 /* View */ = {
			isa = PBXGroup;
			children = (
			);
			path = View;
			sourceTree = "<group>";
		};
		2A7B78B62CCD214F003E6F37 /* Coordinator */ = {
			isa = PBXGroup;
			children = (
				2A7B78C02CCD344F003E6F37 /* CharacterEditCoordinator.swift */,
			);
			path = Coordinator;
			sourceTree = "<group>";
		};
		2A7B78BD2CCD2AE9003E6F37 /* HashTag */ = {
			isa = PBXGroup;
			children = (
				2A7B78BE2CCD2AF9003E6F37 /* HashTagStackView.swift */,
			);
			path = HashTag;
			sourceTree = "<group>";
		};
		2A85A9252BF869C10030B4F4 = {
			isa = PBXGroup;
			children = (
				2A85A9302BF869C10030B4F4 /* ATCH-iOS */,
				2A85A92F2BF869C10030B4F4 /* Products */,
				1219718CAF1908DAF9C0F501 /* Pods */,
				60DB2F161168AA92B48FDAD5 /* Frameworks */,
			);
			sourceTree = "<group>";
		};
		2A85A92F2BF869C10030B4F4 /* Products */ = {
			isa = PBXGroup;
			children = (
				2A85A92E2BF869C10030B4F4 /* ATCH-iOS.app */,
			);
			name = Products;
			sourceTree = "<group>";
		};
		2A85A9302BF869C10030B4F4 /* ATCH-iOS */ = {
			isa = PBXGroup;
			children = (
				2A94B6282CCE3D1800C281B9 /* ATCH-iOS.entitlements */,
				2AFD06402C80588500F34C35 /* Config.xcconfig */,
				2AFD06412C8059A700F34C35 /* Config.swift */,
				2A5051FF2C6D9EA800DC3E4A /* Extension */,
				2AC343FA2CCE08A600BEEA5A /* Network */,
				2AFD06E22C84A11D00F34C35 /* Model */,
				2A1BE0FC2CBA4D5200908579 /* Singleton */,
				2A5051FD2C6D9E7900DC3E4A /* Scene */,
				2A5051FE2C6D9E9200DC3E4A /* Resource */,
				2A5051FC2C6D9E6D00DC3E4A /* Support */,
				2A85A93C2BF869C20030B4F4 /* LaunchScreen.storyboard */,
				2A85A93F2BF869C20030B4F4 /* Info.plist */,
			);
			path = "ATCH-iOS";
			sourceTree = "<group>";
		};
		2ABCDC5E2C71EC3C00AD649C /* Coordinator */ = {
			isa = PBXGroup;
			children = (
				2ABCDC5D2C71EC3C00AD649C /* AllChatCoordinator.swift */,
			);
			path = Coordinator;
			sourceTree = "<group>";
		};
		2ABCDC602C71EC3C00AD649C /* VC */ = {
			isa = PBXGroup;
			children = (
				2ABCDC5F2C71EC3C00AD649C /* AllChatVC.swift */,
			);
			path = VC;
			sourceTree = "<group>";
		};
		2ABCDC612C71EC3C00AD649C /* AllChat */ = {
			isa = PBXGroup;
			children = (
				2ABCDC5E2C71EC3C00AD649C /* Coordinator */,
				2ABCDC602C71EC3C00AD649C /* VC */,
			);
			path = AllChat;
			sourceTree = "<group>";
		};
		2ABCDC672C71EC4300AD649C /* Coordinator */ = {
			isa = PBXGroup;
			children = (
				2ABCDC642C71EC4300AD649C /* AppCoordinator.swift */,
				2ABCDC652C71EC4300AD649C /* Coordinator.swift */,
				2ABCDC662C71EC4300AD649C /* CoordinatorType.swift */,
			);
			path = Coordinator;
			sourceTree = "<group>";
		};
		2ABCDC682C71EC4300AD649C /* Base */ = {
			isa = PBXGroup;
			children = (
				2ABCDC672C71EC4300AD649C /* Coordinator */,
			);
			path = Base;
			sourceTree = "<group>";
		};
		2ABCDC6F2C71EC5C00AD649C /* Coordinator */ = {
			isa = PBXGroup;
			children = (
				2ABCDC6E2C71EC5C00AD649C /* MapCoordinator.swift */,
			);
			path = Coordinator;
			sourceTree = "<group>";
		};
		2ABCDC712C71EC5C00AD649C /* VC */ = {
			isa = PBXGroup;
			children = (
				2ABCDC702C71EC5C00AD649C /* MapVC.swift */,
				2AFD06482C80BAA500F34C35 /* BaseMapVC.swift */,
			);
			path = VC;
			sourceTree = "<group>";
		};
		2ABCDC722C71EC5C00AD649C /* Map */ = {
			isa = PBXGroup;
			children = (
				2ABCDC6F2C71EC5C00AD649C /* Coordinator */,
				2AFD06B62C84A04A00F34C35 /* ViewModel */,
				2AFD06B92C84A04A00F34C35 /* View */,
				2ABCDC712C71EC5C00AD649C /* VC */,
			);
			path = Map;
			sourceTree = "<group>";
		};
		2ABCDC762C71EC6300AD649C /* Coordinator */ = {
			isa = PBXGroup;
			children = (
				2ABCDC752C71EC6300AD649C /* MyPageCoordinator.swift */,
			);
			path = Coordinator;
			sourceTree = "<group>";
		};
		2ABCDC782C71EC6300AD649C /* VC */ = {
			isa = PBXGroup;
			children = (
				2ABCDC772C71EC6300AD649C /* MyPageVC.swift */,
			);
			path = VC;
			sourceTree = "<group>";
		};
		2ABCDC792C71EC6300AD649C /* MyPage */ = {
			isa = PBXGroup;
			children = (
				2ABCDC762C71EC6300AD649C /* Coordinator */,
				2A2591C32CBFF5AF00B6181E /* View */,
				2ABCDC782C71EC6300AD649C /* VC */,
			);
			path = MyPage;
			sourceTree = "<group>";
		};
		2ABCDC7D2C71EC6C00AD649C /* Coordinator */ = {
			isa = PBXGroup;
			children = (
				2ABCDC7C2C71EC6C00AD649C /* MyChatCoordinator.swift */,
			);
			path = Coordinator;
			sourceTree = "<group>";
		};
		2ABCDC7F2C71EC6C00AD649C /* VC */ = {
			isa = PBXGroup;
			children = (
				2ABCDC7E2C71EC6C00AD649C /* MyChatVC.swift */,
			);
			path = VC;
			sourceTree = "<group>";
		};
		2ABCDC802C71EC6C00AD649C /* MyChat */ = {
			isa = PBXGroup;
			children = (
				2ABCDC7D2C71EC6C00AD649C /* Coordinator */,
				2AFD06E82C84A25A00F34C35 /* View */,
				2ABCDC7F2C71EC6C00AD649C /* VC */,
			);
			path = MyChat;
			sourceTree = "<group>";
		};
		2ABCDC842C71EC9700AD649C /* Component */ = {
			isa = PBXGroup;
			children = (
				2ABCDC832C71EC9700AD649C /* TabBar.swift */,
			);
			path = Component;
			sourceTree = "<group>";
		};
		2ABCDC862C71EC9700AD649C /* Coordinator */ = {
			isa = PBXGroup;
			children = (
				2ABCDC852C71EC9700AD649C /* TabBarCoordinator.swift */,
			);
			path = Coordinator;
			sourceTree = "<group>";
		};
		2ABCDC882C71EC9700AD649C /* VC */ = {
			isa = PBXGroup;
			children = (
				2ABCDC872C71EC9700AD649C /* TabBarController.swift */,
			);
			path = VC;
			sourceTree = "<group>";
		};
		2ABCDC892C71EC9700AD649C /* TabBar */ = {
			isa = PBXGroup;
			children = (
				2ABCDC842C71EC9700AD649C /* Component */,
				2ABCDC862C71EC9700AD649C /* Coordinator */,
				2ABCDC882C71EC9700AD649C /* VC */,
			);
			path = TabBar;
			sourceTree = "<group>";
		};
		2AC343F92CCE083400BEEA5A /* ServerData */ = {
			isa = PBXGroup;
			children = (
				2AFE09D62CD31660001CF26B /* Chat */,
				2AFE09CB2CD31423001CF26B /* User */,
				2AFE09B52CD1D63C001CF26B /* Home */,
				2AC344122CCE0FFE00BEEA5A /* Signin */,
			);
			path = ServerData;
			sourceTree = "<group>";
		};
		2AC343FA2CCE08A600BEEA5A /* Network */ = {
			isa = PBXGroup;
			children = (
				2AFE09AD2CD1C3D1001CF26B /* Repository */,
				2AC343FE2CCE08E500BEEA5A /* Foundation */,
			);
			path = Network;
			sourceTree = "<group>";
		};
		2AC343FE2CCE08E500BEEA5A /* Foundation */ = {
			isa = PBXGroup;
			children = (
				2AC344012CCE094E00BEEA5A /* NetworkError.swift */,
				2AC343FF2CCE08EF00BEEA5A /* NetworkService.swift */,
				2AC3440B2CCE0AC800BEEA5A /* NetworkServiceType.swift */,
				2AC344032CCE097400BEEA5A /* BaseResponse.swift */,
				2AC344052CCE098200BEEA5A /* HttpMethod.swift */,
				2AC344072CCE099D00BEEA5A /* KeychainWrapper.swift */,
			);
			path = Foundation;
			sourceTree = "<group>";
		};
		2AC344122CCE0FFE00BEEA5A /* Signin */ = {
			isa = PBXGroup;
			children = (
				2AC3440E2CCE0FF100BEEA5A /* SigninRequestBody.swift */,
				2AC344102CCE0FFB00BEEA5A /* SigninResponseDTO.swift */,
			);
			path = Signin;
			sourceTree = "<group>";
		};
		2AE7C9E52C8D3DFB00A177EF /* View */ = {
			isa = PBXGroup;
			children = (
			);
			path = View;
			sourceTree = "<group>";
		};
		2AFD06B62C84A04A00F34C35 /* ViewModel */ = {
			isa = PBXGroup;
			children = (
				2AFD06B52C84A04A00F34C35 /* MapViewModel.swift */,
			);
			path = ViewModel;
			sourceTree = "<group>";
		};
		2AFD06B92C84A04A00F34C35 /* View */ = {
			isa = PBXGroup;
			children = (
				2AFD06B72C84A04A00F34C35 /* MapBottomSheetView.swift */,
				2AFD06B82C84A04A00F34C35 /* MapChatCollectionViewCell.swift */,
			);
			path = View;
			sourceTree = "<group>";
		};
		2AFD06BE2C84A06700F34C35 /* NavigationView */ = {
			isa = PBXGroup;
			children = (
				2AFD06BD2C84A06700F34C35 /* NavigationView.swift */,
			);
			path = NavigationView;
			sourceTree = "<group>";
		};
		2AFD06BF2C84A06700F34C35 /* Components */ = {
			isa = PBXGroup;
			children = (
				2A7B78BD2CCD2AE9003E6F37 /* HashTag */,
				2A2591C92CC0013A00B6181E /* PopUp */,
				2A2591C62CBFF77700B6181E /* SettingCell */,
				2A2591B52CBBEEDE00B6181E /* ProfileModal */,
				2A1BE11C2CBA9B5C00908579 /* PageControl */,
				2AFD06BE2C84A06700F34C35 /* NavigationView */,
			);
			path = Components;
			sourceTree = "<group>";
		};
		2AFD06C12C84A06700F34C35 /* Coordinator */ = {
			isa = PBXGroup;
			children = (
				2AFD06C02C84A06700F34C35 /* ChattingRoomCoordinator.swift */,
			);
			path = Coordinator;
			sourceTree = "<group>";
		};
		2AFD06C32C84A06700F34C35 /* VC */ = {
			isa = PBXGroup;
			children = (
				2AFD06C22C84A06700F34C35 /* ChattingRoomVC.swift */,
				2AFD07352C8C3AC400F34C35 /* BaseChattingRoomVC.swift */,
			);
			path = VC;
			sourceTree = "<group>";
		};
		2AFD06C52C84A06700F34C35 /* ViewModel */ = {
			isa = PBXGroup;
			children = (
				2AFD06C42C84A06700F34C35 /* ChattingRoomViewModel.swift */,
			);
			path = ViewModel;
			sourceTree = "<group>";
		};
		2AFD06C62C84A06700F34C35 /* ChattingRoom */ = {
			isa = PBXGroup;
			children = (
				2AFD06C12C84A06700F34C35 /* Coordinator */,
				2AFD06C52C84A06700F34C35 /* ViewModel */,
				2AE7C9E52C8D3DFB00A177EF /* View */,
				2AFD06C32C84A06700F34C35 /* VC */,
			);
			path = ChattingRoom;
			sourceTree = "<group>";
		};
		2AFD06C82C84A06700F34C35 /* Coordinator */ = {
			isa = PBXGroup;
			children = (
				2AFD06C72C84A06700F34C35 /* AlarmCoordinator.swift */,
			);
			path = Coordinator;
			sourceTree = "<group>";
		};
		2AFD06CA2C84A06700F34C35 /* VC */ = {
			isa = PBXGroup;
			children = (
				2AFD06C92C84A06700F34C35 /* AlarmVC.swift */,
			);
			path = VC;
			sourceTree = "<group>";
		};
		2AFD06CC2C84A06700F34C35 /* ViewModel */ = {
			isa = PBXGroup;
			children = (
				2AFD06CB2C84A06700F34C35 /* AlarmViewModel.swift */,
			);
			path = ViewModel;
			sourceTree = "<group>";
		};
		2AFD06CD2C84A06700F34C35 /* Alarm */ = {
			isa = PBXGroup;
			children = (
				2AFD06C82C84A06700F34C35 /* Coordinator */,
				2AFD06CC2C84A06700F34C35 /* ViewModel */,
				2AFD071E2C8979E100F34C35 /* View */,
				2AFD06CA2C84A06700F34C35 /* VC */,
			);
			path = Alarm;
			sourceTree = "<group>";
		};
		2AFD06E12C84A11D00F34C35 /* ViewData */ = {
			isa = PBXGroup;
			children = (
				2AFE09E12CD32315001CF26B /* UserInfoData.swift */,
				2AFD06E02C84A11D00F34C35 /* MapChatData.swift */,
				2AFD06EB2C84AF2000F34C35 /* MyChatData.swift */,
				2AFD071A2C89793000F34C35 /* AlarmData.swift */,
				2AFD072F2C8C25B000F34C35 /* ChattingData.swift */,
				2A2591C12CBF8EC900B6181E /* ProfileModalData.swift */,
				2A2591D42CC0020000B6181E /* PopUpData.swift */,
			);
			path = ViewData;
			sourceTree = "<group>";
		};
		2AFD06E22C84A11D00F34C35 /* Model */ = {
			isa = PBXGroup;
			children = (
				2AC343F92CCE083400BEEA5A /* ServerData */,
				2AFD06E12C84A11D00F34C35 /* ViewData */,
			);
			path = Model;
			sourceTree = "<group>";
		};
		2AFD06E82C84A25A00F34C35 /* View */ = {
			isa = PBXGroup;
			children = (
				2AFD06E92C84A26800F34C35 /* MyChatCollectionViewCell.swift */,
				2AFD06ED2C84B2C100F34C35 /* MyChatView.swift */,
			);
			path = View;
			sourceTree = "<group>";
		};
		2AFD071E2C8979E100F34C35 /* View */ = {
			isa = PBXGroup;
			children = (
				2AFD07212C8979F800F34C35 /* AlarmView.swift */,
				2AFD07232C897A5400F34C35 /* AlarmCollectionViewCell.swift */,
			);
			path = View;
			sourceTree = "<group>";
		};
		2AFE09AD2CD1C3D1001CF26B /* Repository */ = {
			isa = PBXGroup;
			children = (
				2AFE09AF2CD1C406001CF26B /* SigninRepository.swift */,
				2AFE09B32CD1D5AA001CF26B /* HomeRepository.swift */,
				2AFE09B82CD2121C001CF26B /* OnboardingRepository.swift */,
				2AFE09BA2CD21231001CF26B /* UserRepository.swift */,
				2AFE09BC2CD21249001CF26B /* ChatRepository.swift */,
			);
			path = Repository;
			sourceTree = "<group>";
		};
		2AFE09B52CD1D63C001CF26B /* Home */ = {
			isa = PBXGroup;
			children = (
				2AFE09B62CD1D657001CF26B /* LocationRequestBody.swift */,
				2AFE09BE2CD21A7D001CF26B /* GetUserListDTO.swift */,
				2AFE09C02CD21B7F001CF26B /* GetNoticeListDTO.swift */,
			);
			path = Home;
			sourceTree = "<group>";
		};
		2AFE09CB2CD31423001CF26B /* User */ = {
			isa = PBXGroup;
			children = (
				2AFE09CC2CD3142F001CF26B /* BlockRequestBody.swift */,
				2AFE09C32CD21EFC001CF26B /* NicknameRequestBody.swift */,
				2AFE09C52CD3124E001CF26B /* HashTagRequestBody.swift */,
				2AFE09C72CD312E4001CF26B /* CharacterRequestBody.swift */,
				2AFE09CE2CD314A2001CF26B /* GetItemListDTO.swift */,
				2AFE09D02CD3159F001CF26B /* ItemRequestBody.swift */,
				2AFE09C92CD31312001CF26B /* GetCharacterListDTO.swift */,
				2AFE09D22CD315F6001CF26B /* GetBackgroundListDTO.swift */,
				2AFE09D42CD3163F001CF26B /* BackgroundRequestBody.swift */,
			);
			path = User;
			sourceTree = "<group>";
		};
		2AFE09D62CD31660001CF26B /* Chat */ = {
			isa = PBXGroup;
			children = (
				2AFE09D72CD3167F001CF26B /* GetRoomListDTO.swift */,
				2AFE09D92CD316B8001CF26B /* RoomRequestBody.swift */,
				2AFE09DB2CD31706001CF26B /* RoomResponseDTO.swift */,
				2AFE09DD2CD317A4001CF26B /* GetMyRoomListDTO.swift */,
				2AFE09DF2CD317F3001CF26B /* GetChatListDTO.swift */,
			);
			path = Chat;
			sourceTree = "<group>";
		};
		60DB2F161168AA92B48FDAD5 /* Frameworks */ = {
			isa = PBXGroup;
			children = (
				D26DC690A54597533FCE3D4F /* Pods_ATCH_iOS.framework */,
			);
			name = Frameworks;
			sourceTree = "<group>";
		};
/* End PBXGroup section */

/* Begin PBXNativeTarget section */
		2A85A92D2BF869C10030B4F4 /* ATCH-iOS */ = {
			isa = PBXNativeTarget;
			buildConfigurationList = 2A85A9422BF869C20030B4F4 /* Build configuration list for PBXNativeTarget "ATCH-iOS" */;
			buildPhases = (
				D4BEE8722AC816865ECA00E0 /* [CP] Check Pods Manifest.lock */,
				2A85A92A2BF869C10030B4F4 /* Sources */,
				2A85A92B2BF869C10030B4F4 /* Frameworks */,
				2A85A92C2BF869C10030B4F4 /* Resources */,
				B6A1F353C85286D9767BB52A /* [CP] Embed Pods Frameworks */,
			);
			buildRules = (
			);
			dependencies = (
			);
			name = "ATCH-iOS";
			packageProductDependencies = (
				2ABBF7062C5CC16F00B12315 /* SnapKit */,
				2ABBF7092C5CC19600B12315 /* Then */,
				2AFD06462C80B9CF00F34C35 /* KakaoMapsSDK-SPM */,
				2AFD06D62C84A0E800F34C35 /* RxGesture */,
				2AFD06D92C84A0F400F34C35 /* RxCocoa */,
				2AFD06DB2C84A0F400F34C35 /* RxRelay */,
				2AFD06DE2C84A10100F34C35 /* Kingfisher */,
				2A1BE10F2CBA509900908579 /* Lottie */,
				2AFD072D2C8C22E200F34C35 /* MessageKit */,
				2AC344142CCE198200BEEA5A /* KakaoSDK */,
				2AC344162CCE198200BEEA5A /* KakaoSDKAuth */,
				2AC344182CCE198200BEEA5A /* KakaoSDKCert */,
				2AC3441A2CCE198200BEEA5A /* KakaoSDKCertCore */,
				2AC3441C2CCE198200BEEA5A /* KakaoSDKCommon */,
			);
			productName = "ATCH-iOS";
			productReference = 2A85A92E2BF869C10030B4F4 /* ATCH-iOS.app */;
			productType = "com.apple.product-type.application";
		};
/* End PBXNativeTarget section */

/* Begin PBXProject section */
		2A85A9262BF869C10030B4F4 /* Project object */ = {
			isa = PBXProject;
			attributes = {
				BuildIndependentTargetsInParallel = 1;
				LastSwiftUpdateCheck = 1520;
				LastUpgradeCheck = 1520;
				TargetAttributes = {
					2A85A92D2BF869C10030B4F4 = {
						CreatedOnToolsVersion = 15.2;
					};
				};
			};
			buildConfigurationList = 2A85A9292BF869C10030B4F4 /* Build configuration list for PBXProject "ATCH-iOS" */;
			compatibilityVersion = "Xcode 14.0";
			developmentRegion = en;
			hasScannedForEncodings = 0;
			knownRegions = (
				en,
				Base,
			);
			mainGroup = 2A85A9252BF869C10030B4F4;
			packageReferences = (
				2ABBF7052C5CC16F00B12315 /* XCRemoteSwiftPackageReference "SnapKit" */,
				2ABBF7082C5CC19600B12315 /* XCRemoteSwiftPackageReference "Then" */,
				2AFD06452C80B9CF00F34C35 /* XCRemoteSwiftPackageReference "KakaoMapsSDK-SPM" */,
				2AFD06D52C84A0E800F34C35 /* XCRemoteSwiftPackageReference "RxGesture" */,
				2AFD06D82C84A0F400F34C35 /* XCRemoteSwiftPackageReference "RxSwift" */,
				2AFD06DD2C84A10100F34C35 /* XCRemoteSwiftPackageReference "Kingfisher" */,
				2A1BE10E2CBA509900908579 /* XCRemoteSwiftPackageReference "lottie-spm" */,
				2AFD072C2C8C22E200F34C35 /* XCRemoteSwiftPackageReference "MessageKit" */,
				2AC344132CCE141200BEEA5A /* XCRemoteSwiftPackageReference "kakao-ios-sdk" */,
			);
			productRefGroup = 2A85A92F2BF869C10030B4F4 /* Products */;
			projectDirPath = "";
			projectRoot = "";
			targets = (
				2A85A92D2BF869C10030B4F4 /* ATCH-iOS */,
			);
		};
/* End PBXProject section */

/* Begin PBXResourcesBuildPhase section */
		2A85A92C2BF869C10030B4F4 /* Resources */ = {
			isa = PBXResourcesBuildPhase;
			buildActionMask = 2147483647;
			files = (
				2A85A93E2BF869C20030B4F4 /* LaunchScreen.storyboard in Resources */,
				2A1BE10D2CBA4F9800908579 /* atch.json in Resources */,
				2A50520C2C6DAA4500DC3E4A /* Pretendard-Medium.otf in Resources */,
				2A50520A2C6DAA4500DC3E4A /* Pretendard-Regular.otf in Resources */,
				2A85A93B2BF869C20030B4F4 /* Assets.xcassets in Resources */,
				2A50520B2C6DAA4500DC3E4A /* Pretendard-SemiBold.otf in Resources */,
			);
			runOnlyForDeploymentPostprocessing = 0;
		};
/* End PBXResourcesBuildPhase section */

/* Begin PBXShellScriptBuildPhase section */
		B6A1F353C85286D9767BB52A /* [CP] Embed Pods Frameworks */ = {
			isa = PBXShellScriptBuildPhase;
			buildActionMask = 2147483647;
			files = (
			);
			inputFileListPaths = (
				"${PODS_ROOT}/Target Support Files/Pods-ATCH-iOS/Pods-ATCH-iOS-frameworks-${CONFIGURATION}-input-files.xcfilelist",
			);
			name = "[CP] Embed Pods Frameworks";
			outputFileListPaths = (
				"${PODS_ROOT}/Target Support Files/Pods-ATCH-iOS/Pods-ATCH-iOS-frameworks-${CONFIGURATION}-output-files.xcfilelist",
			);
			runOnlyForDeploymentPostprocessing = 0;
			shellPath = /bin/sh;
			shellScript = "\"${PODS_ROOT}/Target Support Files/Pods-ATCH-iOS/Pods-ATCH-iOS-frameworks.sh\"\n";
			showEnvVarsInLog = 0;
		};
		D4BEE8722AC816865ECA00E0 /* [CP] Check Pods Manifest.lock */ = {
			isa = PBXShellScriptBuildPhase;
			buildActionMask = 2147483647;
			files = (
			);
			inputFileListPaths = (
			);
			inputPaths = (
				"${PODS_PODFILE_DIR_PATH}/Podfile.lock",
				"${PODS_ROOT}/Manifest.lock",
			);
			name = "[CP] Check Pods Manifest.lock";
			outputFileListPaths = (
			);
			outputPaths = (
				"$(DERIVED_FILE_DIR)/Pods-ATCH-iOS-checkManifestLockResult.txt",
			);
			runOnlyForDeploymentPostprocessing = 0;
			shellPath = /bin/sh;
			shellScript = "diff \"${PODS_PODFILE_DIR_PATH}/Podfile.lock\" \"${PODS_ROOT}/Manifest.lock\" > /dev/null\nif [ $? != 0 ] ; then\n    # print error to STDERR\n    echo \"error: The sandbox is not in sync with the Podfile.lock. Run 'pod install' or update your CocoaPods installation.\" >&2\n    exit 1\nfi\n# This output is used by Xcode 'outputs' to avoid re-running this script phase.\necho \"SUCCESS\" > \"${SCRIPT_OUTPUT_FILE_0}\"\n";
			showEnvVarsInLog = 0;
		};
/* End PBXShellScriptBuildPhase section */

/* Begin PBXSourcesBuildPhase section */
		2A85A92A2BF869C10030B4F4 /* Sources */ = {
			isa = PBXSourcesBuildPhase;
			buildActionMask = 2147483647;
			files = (
				2A2591B12CBB835500B6181E /* HashTagSettingView.swift in Sources */,
				2AFE09B42CD1D5AA001CF26B /* HomeRepository.swift in Sources */,
				2A2591D12CC001B200B6181E /* PopUpView.swift in Sources */,
				2A5052052C6DA06700DC3E4A /* Adjust+.swift in Sources */,
				2A7B78C12CCD344F003E6F37 /* CharacterEditCoordinator.swift in Sources */,
				2A2591C52CBFF5B700B6181E /* MyPageView.swift in Sources */,
				2AFD06BC2C84A04A00F34C35 /* MapChatCollectionViewCell.swift in Sources */,
				2AFE09CF2CD314A2001CF26B /* GetItemListDTO.swift in Sources */,
				2AFD06D02C84A06700F34C35 /* ChattingRoomVC.swift in Sources */,
				2ABCDC622C71EC3C00AD649C /* AllChatCoordinator.swift in Sources */,
				2A1BE0F12CBA491100908579 /* NicknameSettingCoordinator.swift in Sources */,
				2A2591D52CC0020000B6181E /* PopUpData.swift in Sources */,
				2ABCDC742C71EC5C00AD649C /* MapVC.swift in Sources */,
				2A7B78BA2CCD2167003E6F37 /* ProfileEditView.swift in Sources */,
				2ABCDC7A2C71EC6300AD649C /* MyPageCoordinator.swift in Sources */,
				2AFE09D52CD3163F001CF26B /* BackgroundRequestBody.swift in Sources */,
				2A5052012C6D9EBB00DC3E4A /* UIColor+.swift in Sources */,
				2AFD06E72C84A13700F34C35 /* UIStackView+.swift in Sources */,
				2AFE09B72CD1D657001CF26B /* LocationRequestBody.swift in Sources */,
				2A2591D32CC001B900B6181E /* PopUpVC.swift in Sources */,
				2AFD07222C8979F800F34C35 /* AlarmView.swift in Sources */,
				2A1BE0EF2CBA490700908579 /* CharacterSettingCoordinator.swift in Sources */,
				2ABCDC632C71EC3C00AD649C /* AllChatVC.swift in Sources */,
				2A1BE0E72CB8ECE100908579 /* SigninVC.swift in Sources */,
				2AFE09E02CD317F3001CF26B /* GetChatListDTO.swift in Sources */,
				2A2591B82CBBEEF000B6181E /* ProfileModalVC.swift in Sources */,
				2ABCDC6B2C71EC4300AD649C /* CoordinatorType.swift in Sources */,
				2A1BE0E92CB8ECE700908579 /* SigninViewModel.swift in Sources */,
				2A2591AF2CBABD5900B6181E /* NicknameSettingView.swift in Sources */,
				2A7B78BC2CCD216F003E6F37 /* ProfileEditVC.swift in Sources */,
				2A1BE0FB2CBA496A00908579 /* ProfileSettingViewModel.swift in Sources */,
				2A1BE1062CBA4E3800908579 /* SplashVC.swift in Sources */,
				2ABCDC822C71EC6C00AD649C /* MyChatVC.swift in Sources */,
				2A1BE0F92CBA495300908579 /* HashTagSettingVC.swift in Sources */,
				2AFD07242C897A5400F34C35 /* AlarmCollectionViewCell.swift in Sources */,
				2AFD06442C80B6D200F34C35 /* UIView+.swift in Sources */,
				2AFD07362C8C3AC400F34C35 /* BaseChattingRoomVC.swift in Sources */,
				2A2591CF2CC0016000B6181E /* PopUpCoordinator.swift in Sources */,
				2AFE09B92CD2121C001CF26B /* OnboardingRepository.swift in Sources */,
				2AC3440F2CCE0FF100BEEA5A /* SigninRequestBody.swift in Sources */,
				2AFE09C82CD312E4001CF26B /* CharacterRequestBody.swift in Sources */,
				2A2591B32CBBEAFB00B6181E /* ProfileModalView.swift in Sources */,
				2A2591C82CBFF78100B6181E /* SettingCell.swift in Sources */,
				2ABCDC7B2C71EC6300AD649C /* MyPageVC.swift in Sources */,
				2A1BE1032CBA4E1D00908579 /* SplashCoordinator.swift in Sources */,
				2AC344082CCE099D00BEEA5A /* KeychainWrapper.swift in Sources */,
				2AFE09DA2CD316B8001CF26B /* RoomRequestBody.swift in Sources */,
				2ABCDC8A2C71EC9700AD649C /* TabBar.swift in Sources */,
				2ABCDC8B2C71EC9700AD649C /* TabBarCoordinator.swift in Sources */,
				2AFE09E22CD32315001CF26B /* UserInfoData.swift in Sources */,
				2AC344042CCE097400BEEA5A /* BaseResponse.swift in Sources */,
				2A7B78B82CCD2160003E6F37 /* ProfileEditCoordinator.swift in Sources */,
				2AFE09D82CD3167F001CF26B /* GetRoomListDTO.swift in Sources */,
				2A1BE1132CBA5B2D00908579 /* CharacterSettingView.swift in Sources */,
				2AC344062CCE098200BEEA5A /* HttpMethod.swift in Sources */,
				2AFD06E32C84A11D00F34C35 /* MapChatData.swift in Sources */,
				2AFE09BD2CD21249001CF26B /* ChatRepository.swift in Sources */,
				2AFD06D32C84A06700F34C35 /* AlarmVC.swift in Sources */,
				2AFD06492C80BAA500F34C35 /* BaseMapVC.swift in Sources */,
				2AFE09C12CD21B7F001CF26B /* GetNoticeListDTO.swift in Sources */,
				2AFE09D32CD315F6001CF26B /* GetBackgroundListDTO.swift in Sources */,
				2A1BE0E42CB8ECD000908579 /* SigninCoordinator.swift in Sources */,
				2A1BE11E2CBA9B6700908579 /* AtchPageControl.swift in Sources */,
				2A1BE0F72CBA494B00908579 /* NicknameSettingVC.swift in Sources */,
				2AFE09DC2CD31706001CF26B /* RoomResponseDTO.swift in Sources */,
				2AFD06D42C84A06700F34C35 /* AlarmViewModel.swift in Sources */,
				2A1BE1092CBA4E4300908579 /* SplashViewModel.swift in Sources */,
				2ABCDC692C71EC4300AD649C /* AppCoordinator.swift in Sources */,
				2AE7C9E42C8D328300A177EF /* Date+.swift in Sources */,
				2AFD06CF2C84A06700F34C35 /* ChattingRoomCoordinator.swift in Sources */,
				2AFE09CD2CD3142F001CF26B /* BlockRequestBody.swift in Sources */,
				2AFD06EC2C84AF2000F34C35 /* MyChatData.swift in Sources */,
				2AC3440C2CCE0AC800BEEA5A /* NetworkServiceType.swift in Sources */,
				2AFD07302C8C25B000F34C35 /* ChattingData.swift in Sources */,
				2A2591C22CBF8EC900B6181E /* ProfileModalData.swift in Sources */,
				2AFD06D22C84A06700F34C35 /* AlarmCoordinator.swift in Sources */,
				2AFE09D12CD3159F001CF26B /* ItemRequestBody.swift in Sources */,
				2A5052032C6D9FE700DC3E4A /* UIFont+.swift in Sources */,
				2ABCDC8C2C71EC9700AD649C /* TabBarController.swift in Sources */,
				2AFD071B2C89793000F34C35 /* AlarmData.swift in Sources */,
				2A85A9322BF869C20030B4F4 /* AppDelegate.swift in Sources */,
				2A85A9342BF869C20030B4F4 /* SceneDelegate.swift in Sources */,
				2AC344112CCE0FFB00BEEA5A /* SigninResponseDTO.swift in Sources */,
				2A2591BB2CBBF39500B6181E /* ProfileModalCoordinator.swift in Sources */,
				2A7B78C32CCD3493003E6F37 /* CharacterEditVC.swift in Sources */,
				2A7B78BF2CCD2AF9003E6F37 /* HashTagStackView.swift in Sources */,
				2AFE09BF2CD21A7D001CF26B /* GetUserListDTO.swift in Sources */,
				2AFD06E62C84A13700F34C35 /* NSObject+.swift in Sources */,
				2AC344002CCE08EF00BEEA5A /* NetworkService.swift in Sources */,
				2AFE09DE2CD317A4001CF26B /* GetMyRoomListDTO.swift in Sources */,
				2AFE09C42CD21EFC001CF26B /* NicknameRequestBody.swift in Sources */,
				2A1BE0F52CBA494100908579 /* CharacterSettingVC.swift in Sources */,
				2AC344022CCE094E00BEEA5A /* NetworkError.swift in Sources */,
				2AFD06D12C84A06700F34C35 /* ChattingRoomViewModel.swift in Sources */,
				2A1BE0FE2CBA4D6900908579 /* UserData.swift in Sources */,
				2AFD06CE2C84A06700F34C35 /* NavigationView.swift in Sources */,
				2ABCDC812C71EC6C00AD649C /* MyChatCoordinator.swift in Sources */,
				2AFE09C62CD3124E001CF26B /* HashTagRequestBody.swift in Sources */,
				2AFD06422C8059A700F34C35 /* Config.swift in Sources */,
				2ABCDC732C71EC5C00AD649C /* MapCoordinator.swift in Sources */,
				2AFD06EE2C84B2C100F34C35 /* MyChatView.swift in Sources */,
				2AFD06EA2C84A26800F34C35 /* MyChatCollectionViewCell.swift in Sources */,
				2AE7C9E22C8C4D1000A177EF /* UITextView+.swift in Sources */,
				2ABCDC6D2C71EC5100AD649C /* UIWindow+.swift in Sources */,
				2A1BE0F32CBA491E00908579 /* HashTagSettingCoordinator.swift in Sources */,
				2ABCDC6A2C71EC4300AD649C /* Coordinator.swift in Sources */,
				2AFE09B02CD1C406001CF26B /* SigninRepository.swift in Sources */,
				2AFD06BB2C84A04A00F34C35 /* MapBottomSheetView.swift in Sources */,
				2AFE09BB2CD21231001CF26B /* UserRepository.swift in Sources */,
				2AFD06BA2C84A04A00F34C35 /* MapViewModel.swift in Sources */,
				2AFE09CA2CD31312001CF26B /* GetCharacterListDTO.swift in Sources */,
			);
			runOnlyForDeploymentPostprocessing = 0;
		};
/* End PBXSourcesBuildPhase section */

/* Begin PBXVariantGroup section */
		2A1BE10B2CBA4F9800908579 /* atch.json */ = {
			isa = PBXVariantGroup;
			children = (
				2A1BE10C2CBA4F9800908579 /* en */,
			);
			name = atch.json;
			sourceTree = "<group>";
		};
		2A85A93C2BF869C20030B4F4 /* LaunchScreen.storyboard */ = {
			isa = PBXVariantGroup;
			children = (
				2A85A93D2BF869C20030B4F4 /* Base */,
			);
			name = LaunchScreen.storyboard;
			sourceTree = "<group>";
		};
/* End PBXVariantGroup section */

/* Begin XCBuildConfiguration section */
		2A85A9402BF869C20030B4F4 /* Debug */ = {
			isa = XCBuildConfiguration;
			baseConfigurationReference = 2AFD06402C80588500F34C35 /* Config.xcconfig */;
			buildSettings = {
				ALWAYS_SEARCH_USER_PATHS = NO;
				ASSETCATALOG_COMPILER_GENERATE_SWIFT_ASSET_SYMBOL_EXTENSIONS = YES;
				CLANG_ANALYZER_NONNULL = YES;
				CLANG_ANALYZER_NUMBER_OBJECT_CONVERSION = YES_AGGRESSIVE;
				CLANG_CXX_LANGUAGE_STANDARD = "gnu++20";
				CLANG_ENABLE_MODULES = YES;
				CLANG_ENABLE_OBJC_ARC = YES;
				CLANG_ENABLE_OBJC_WEAK = YES;
				CLANG_WARN_BLOCK_CAPTURE_AUTORELEASING = YES;
				CLANG_WARN_BOOL_CONVERSION = YES;
				CLANG_WARN_COMMA = YES;
				CLANG_WARN_CONSTANT_CONVERSION = YES;
				CLANG_WARN_DEPRECATED_OBJC_IMPLEMENTATIONS = YES;
				CLANG_WARN_DIRECT_OBJC_ISA_USAGE = YES_ERROR;
				CLANG_WARN_DOCUMENTATION_COMMENTS = YES;
				CLANG_WARN_EMPTY_BODY = YES;
				CLANG_WARN_ENUM_CONVERSION = YES;
				CLANG_WARN_INFINITE_RECURSION = YES;
				CLANG_WARN_INT_CONVERSION = YES;
				CLANG_WARN_NON_LITERAL_NULL_CONVERSION = YES;
				CLANG_WARN_OBJC_IMPLICIT_RETAIN_SELF = YES;
				CLANG_WARN_OBJC_LITERAL_CONVERSION = YES;
				CLANG_WARN_OBJC_ROOT_CLASS = YES_ERROR;
				CLANG_WARN_QUOTED_INCLUDE_IN_FRAMEWORK_HEADER = YES;
				CLANG_WARN_RANGE_LOOP_ANALYSIS = YES;
				CLANG_WARN_STRICT_PROTOTYPES = YES;
				CLANG_WARN_SUSPICIOUS_MOVE = YES;
				CLANG_WARN_UNGUARDED_AVAILABILITY = YES_AGGRESSIVE;
				CLANG_WARN_UNREACHABLE_CODE = YES;
				CLANG_WARN__DUPLICATE_METHOD_MATCH = YES;
				COPY_PHASE_STRIP = NO;
				DEBUG_INFORMATION_FORMAT = dwarf;
				ENABLE_STRICT_OBJC_MSGSEND = YES;
				ENABLE_TESTABILITY = YES;
				ENABLE_USER_SCRIPT_SANDBOXING = YES;
				"EXCLUDED_ARCHS[sdk=iphonesimulator*]" = arm64;
				GCC_C_LANGUAGE_STANDARD = gnu17;
				GCC_DYNAMIC_NO_PIC = NO;
				GCC_NO_COMMON_BLOCKS = YES;
				GCC_OPTIMIZATION_LEVEL = 0;
				GCC_PREPROCESSOR_DEFINITIONS = (
					"DEBUG=1",
					"$(inherited)",
				);
				GCC_WARN_64_TO_32_BIT_CONVERSION = YES;
				GCC_WARN_ABOUT_RETURN_TYPE = YES_ERROR;
				GCC_WARN_UNDECLARED_SELECTOR = YES;
				GCC_WARN_UNINITIALIZED_AUTOS = YES_AGGRESSIVE;
				GCC_WARN_UNUSED_FUNCTION = YES;
				GCC_WARN_UNUSED_VARIABLE = YES;
				IPHONEOS_DEPLOYMENT_TARGET = 17.2;
				LOCALIZATION_PREFERS_STRING_CATALOGS = YES;
				MTL_ENABLE_DEBUG_INFO = INCLUDE_SOURCE;
				MTL_FAST_MATH = YES;
				ONLY_ACTIVE_ARCH = YES;
				SDKROOT = iphoneos;
				SWIFT_ACTIVE_COMPILATION_CONDITIONS = "DEBUG $(inherited)";
				SWIFT_OPTIMIZATION_LEVEL = "-Onone";
			};
			name = Debug;
		};
		2A85A9412BF869C20030B4F4 /* Release */ = {
			isa = XCBuildConfiguration;
			baseConfigurationReference = 2AFD06402C80588500F34C35 /* Config.xcconfig */;
			buildSettings = {
				ALWAYS_SEARCH_USER_PATHS = NO;
				ASSETCATALOG_COMPILER_GENERATE_SWIFT_ASSET_SYMBOL_EXTENSIONS = YES;
				CLANG_ANALYZER_NONNULL = YES;
				CLANG_ANALYZER_NUMBER_OBJECT_CONVERSION = YES_AGGRESSIVE;
				CLANG_CXX_LANGUAGE_STANDARD = "gnu++20";
				CLANG_ENABLE_MODULES = YES;
				CLANG_ENABLE_OBJC_ARC = YES;
				CLANG_ENABLE_OBJC_WEAK = YES;
				CLANG_WARN_BLOCK_CAPTURE_AUTORELEASING = YES;
				CLANG_WARN_BOOL_CONVERSION = YES;
				CLANG_WARN_COMMA = YES;
				CLANG_WARN_CONSTANT_CONVERSION = YES;
				CLANG_WARN_DEPRECATED_OBJC_IMPLEMENTATIONS = YES;
				CLANG_WARN_DIRECT_OBJC_ISA_USAGE = YES_ERROR;
				CLANG_WARN_DOCUMENTATION_COMMENTS = YES;
				CLANG_WARN_EMPTY_BODY = YES;
				CLANG_WARN_ENUM_CONVERSION = YES;
				CLANG_WARN_INFINITE_RECURSION = YES;
				CLANG_WARN_INT_CONVERSION = YES;
				CLANG_WARN_NON_LITERAL_NULL_CONVERSION = YES;
				CLANG_WARN_OBJC_IMPLICIT_RETAIN_SELF = YES;
				CLANG_WARN_OBJC_LITERAL_CONVERSION = YES;
				CLANG_WARN_OBJC_ROOT_CLASS = YES_ERROR;
				CLANG_WARN_QUOTED_INCLUDE_IN_FRAMEWORK_HEADER = YES;
				CLANG_WARN_RANGE_LOOP_ANALYSIS = YES;
				CLANG_WARN_STRICT_PROTOTYPES = YES;
				CLANG_WARN_SUSPICIOUS_MOVE = YES;
				CLANG_WARN_UNGUARDED_AVAILABILITY = YES_AGGRESSIVE;
				CLANG_WARN_UNREACHABLE_CODE = YES;
				CLANG_WARN__DUPLICATE_METHOD_MATCH = YES;
				COPY_PHASE_STRIP = NO;
				DEBUG_INFORMATION_FORMAT = "dwarf-with-dsym";
				ENABLE_NS_ASSERTIONS = NO;
				ENABLE_STRICT_OBJC_MSGSEND = YES;
				ENABLE_USER_SCRIPT_SANDBOXING = YES;
				"EXCLUDED_ARCHS[sdk=iphonesimulator*]" = arm64;
				GCC_C_LANGUAGE_STANDARD = gnu17;
				GCC_NO_COMMON_BLOCKS = YES;
				GCC_WARN_64_TO_32_BIT_CONVERSION = YES;
				GCC_WARN_ABOUT_RETURN_TYPE = YES_ERROR;
				GCC_WARN_UNDECLARED_SELECTOR = YES;
				GCC_WARN_UNINITIALIZED_AUTOS = YES_AGGRESSIVE;
				GCC_WARN_UNUSED_FUNCTION = YES;
				GCC_WARN_UNUSED_VARIABLE = YES;
				IPHONEOS_DEPLOYMENT_TARGET = 17.2;
				LOCALIZATION_PREFERS_STRING_CATALOGS = YES;
				MTL_ENABLE_DEBUG_INFO = NO;
				MTL_FAST_MATH = YES;
				SDKROOT = iphoneos;
				SWIFT_COMPILATION_MODE = wholemodule;
				VALIDATE_PRODUCT = YES;
			};
			name = Release;
		};
		2A85A9432BF869C20030B4F4 /* Debug */ = {
			isa = XCBuildConfiguration;
			baseConfigurationReference = 2AFD06402C80588500F34C35 /* Config.xcconfig */;
			buildSettings = {
				ASSETCATALOG_COMPILER_APPICON_NAME = AppIcon;
				ASSETCATALOG_COMPILER_GLOBAL_ACCENT_COLOR_NAME = AccentColor;
				CODE_SIGN_ENTITLEMENTS = "ATCH-iOS/ATCH-iOS.entitlements";
				CODE_SIGN_STYLE = Automatic;
				CURRENT_PROJECT_VERSION = 1;
				DEVELOPMENT_TEAM = 349HWJV2J8;
				ENABLE_USER_SCRIPT_SANDBOXING = NO;
				GENERATE_INFOPLIST_FILE = YES;
				INFOPLIST_FILE = "ATCH-iOS/Info.plist";
				INFOPLIST_KEY_LSApplicationCategoryType = "";
				INFOPLIST_KEY_NSLocationWhenInUseUsageDescription = "위치 정보 허용";
				INFOPLIST_KEY_UIApplicationSupportsIndirectInputEvents = YES;
				INFOPLIST_KEY_UILaunchStoryboardName = LaunchScreen;
				INFOPLIST_KEY_UISupportedInterfaceOrientations_iPad = "UIInterfaceOrientationPortrait UIInterfaceOrientationPortraitUpsideDown UIInterfaceOrientationLandscapeLeft UIInterfaceOrientationLandscapeRight";
				INFOPLIST_KEY_UISupportedInterfaceOrientations_iPhone = "UIInterfaceOrientationPortrait UIInterfaceOrientationLandscapeLeft UIInterfaceOrientationLandscapeRight";
				IPHONEOS_DEPLOYMENT_TARGET = 16.0;
				LD_RUNPATH_SEARCH_PATHS = (
					"$(inherited)",
					"@executable_path/Frameworks",
				);
				MARKETING_VERSION = 1.0;
				PRODUCT_BUNDLE_IDENTIFIER = "com.naver.heejoo-byun.ATCH-iOS";
				PRODUCT_NAME = "$(TARGET_NAME)";
				SWIFT_EMIT_LOC_STRINGS = YES;
				SWIFT_VERSION = 5.0;
				TARGETED_DEVICE_FAMILY = "1,2";
			};
			name = Debug;
		};
		2A85A9442BF869C20030B4F4 /* Release */ = {
			isa = XCBuildConfiguration;
			baseConfigurationReference = 2AFD06402C80588500F34C35 /* Config.xcconfig */;
			buildSettings = {
				ASSETCATALOG_COMPILER_APPICON_NAME = AppIcon;
				ASSETCATALOG_COMPILER_GLOBAL_ACCENT_COLOR_NAME = AccentColor;
				CODE_SIGN_ENTITLEMENTS = "ATCH-iOS/ATCH-iOS.entitlements";
				CODE_SIGN_STYLE = Automatic;
				CURRENT_PROJECT_VERSION = 1;
				DEVELOPMENT_TEAM = 349HWJV2J8;
				ENABLE_USER_SCRIPT_SANDBOXING = NO;
				GENERATE_INFOPLIST_FILE = YES;
				INFOPLIST_FILE = "ATCH-iOS/Info.plist";
				INFOPLIST_KEY_LSApplicationCategoryType = "";
				INFOPLIST_KEY_NSLocationWhenInUseUsageDescription = "위치 정보 허용";
				INFOPLIST_KEY_UIApplicationSupportsIndirectInputEvents = YES;
				INFOPLIST_KEY_UILaunchStoryboardName = LaunchScreen;
				INFOPLIST_KEY_UISupportedInterfaceOrientations_iPad = "UIInterfaceOrientationPortrait UIInterfaceOrientationPortraitUpsideDown UIInterfaceOrientationLandscapeLeft UIInterfaceOrientationLandscapeRight";
				INFOPLIST_KEY_UISupportedInterfaceOrientations_iPhone = "UIInterfaceOrientationPortrait UIInterfaceOrientationLandscapeLeft UIInterfaceOrientationLandscapeRight";
				IPHONEOS_DEPLOYMENT_TARGET = 16.0;
				LD_RUNPATH_SEARCH_PATHS = (
					"$(inherited)",
					"@executable_path/Frameworks",
				);
				MARKETING_VERSION = 1.0;
				PRODUCT_BUNDLE_IDENTIFIER = "com.naver.heejoo-byun.ATCH-iOS";
				PRODUCT_NAME = "$(TARGET_NAME)";
				SWIFT_EMIT_LOC_STRINGS = YES;
				SWIFT_VERSION = 5.0;
				TARGETED_DEVICE_FAMILY = "1,2";
			};
			name = Release;
		};
/* End XCBuildConfiguration section */

/* Begin XCConfigurationList section */
		2A85A9292BF869C10030B4F4 /* Build configuration list for PBXProject "ATCH-iOS" */ = {
			isa = XCConfigurationList;
			buildConfigurations = (
				2A85A9402BF869C20030B4F4 /* Debug */,
				2A85A9412BF869C20030B4F4 /* Release */,
			);
			defaultConfigurationIsVisible = 0;
			defaultConfigurationName = Release;
		};
		2A85A9422BF869C20030B4F4 /* Build configuration list for PBXNativeTarget "ATCH-iOS" */ = {
			isa = XCConfigurationList;
			buildConfigurations = (
				2A85A9432BF869C20030B4F4 /* Debug */,
				2A85A9442BF869C20030B4F4 /* Release */,
			);
			defaultConfigurationIsVisible = 0;
			defaultConfigurationName = Release;
		};
/* End XCConfigurationList section */

/* Begin XCRemoteSwiftPackageReference section */
		2A1BE10E2CBA509900908579 /* XCRemoteSwiftPackageReference "lottie-spm" */ = {
			isa = XCRemoteSwiftPackageReference;
			repositoryURL = "https://github.com/airbnb/lottie-spm.git";
			requirement = {
				kind = upToNextMajorVersion;
				minimumVersion = 4.5.0;
			};
		};
		2ABBF7052C5CC16F00B12315 /* XCRemoteSwiftPackageReference "SnapKit" */ = {
			isa = XCRemoteSwiftPackageReference;
			repositoryURL = "https://github.com/SnapKit/SnapKit.git";
			requirement = {
				kind = upToNextMajorVersion;
				minimumVersion = 5.7.1;
			};
		};
		2ABBF7082C5CC19600B12315 /* XCRemoteSwiftPackageReference "Then" */ = {
			isa = XCRemoteSwiftPackageReference;
			repositoryURL = "https://github.com/devxoul/Then.git";
			requirement = {
				kind = upToNextMajorVersion;
				minimumVersion = 3.0.0;
			};
		};
		2AC344132CCE141200BEEA5A /* XCRemoteSwiftPackageReference "kakao-ios-sdk" */ = {
			isa = XCRemoteSwiftPackageReference;
			repositoryURL = "https://github.com/kakao/kakao-ios-sdk";
			requirement = {
				kind = upToNextMajorVersion;
				minimumVersion = 2.23.0;
			};
		};
		2AFD06452C80B9CF00F34C35 /* XCRemoteSwiftPackageReference "KakaoMapsSDK-SPM" */ = {
			isa = XCRemoteSwiftPackageReference;
			repositoryURL = "https://github.com/kakao-mapsSDK/KakaoMapsSDK-SPM.git";
			requirement = {
				kind = upToNextMajorVersion;
				minimumVersion = 2.10.5;
			};
		};
		2AFD06D52C84A0E800F34C35 /* XCRemoteSwiftPackageReference "RxGesture" */ = {
			isa = XCRemoteSwiftPackageReference;
			repositoryURL = "https://github.com/RxSwiftCommunity/RxGesture.git";
			requirement = {
				kind = upToNextMajorVersion;
				minimumVersion = 4.0.4;
			};
		};
		2AFD06D82C84A0F400F34C35 /* XCRemoteSwiftPackageReference "RxSwift" */ = {
			isa = XCRemoteSwiftPackageReference;
			repositoryURL = "https://github.com/ReactiveX/RxSwift.git";
			requirement = {
				kind = upToNextMajorVersion;
				minimumVersion = 6.7.1;
			};
		};
		2AFD06DD2C84A10100F34C35 /* XCRemoteSwiftPackageReference "Kingfisher" */ = {
			isa = XCRemoteSwiftPackageReference;
			repositoryURL = "https://github.com/onevcat/Kingfisher.git";
			requirement = {
				kind = upToNextMajorVersion;
				minimumVersion = 7.12.0;
			};
		};
		2AFD072C2C8C22E200F34C35 /* XCRemoteSwiftPackageReference "MessageKit" */ = {
			isa = XCRemoteSwiftPackageReference;
			repositoryURL = "https://github.com/MessageKit/MessageKit";
			requirement = {
				kind = upToNextMajorVersion;
				minimumVersion = 4.2.0;
			};
		};
/* End XCRemoteSwiftPackageReference section */

/* Begin XCSwiftPackageProductDependency section */
		2A1BE10F2CBA509900908579 /* Lottie */ = {
			isa = XCSwiftPackageProductDependency;
			package = 2A1BE10E2CBA509900908579 /* XCRemoteSwiftPackageReference "lottie-spm" */;
			productName = Lottie;
		};
		2ABBF7062C5CC16F00B12315 /* SnapKit */ = {
			isa = XCSwiftPackageProductDependency;
			package = 2ABBF7052C5CC16F00B12315 /* XCRemoteSwiftPackageReference "SnapKit" */;
			productName = SnapKit;
		};
		2ABBF7092C5CC19600B12315 /* Then */ = {
			isa = XCSwiftPackageProductDependency;
			package = 2ABBF7082C5CC19600B12315 /* XCRemoteSwiftPackageReference "Then" */;
			productName = Then;
		};
		2AC344142CCE198200BEEA5A /* KakaoSDK */ = {
			isa = XCSwiftPackageProductDependency;
			package = 2AC344132CCE141200BEEA5A /* XCRemoteSwiftPackageReference "kakao-ios-sdk" */;
			productName = KakaoSDK;
		};
		2AC344162CCE198200BEEA5A /* KakaoSDKAuth */ = {
			isa = XCSwiftPackageProductDependency;
			package = 2AC344132CCE141200BEEA5A /* XCRemoteSwiftPackageReference "kakao-ios-sdk" */;
			productName = KakaoSDKAuth;
		};
		2AC344182CCE198200BEEA5A /* KakaoSDKCert */ = {
			isa = XCSwiftPackageProductDependency;
			package = 2AC344132CCE141200BEEA5A /* XCRemoteSwiftPackageReference "kakao-ios-sdk" */;
			productName = KakaoSDKCert;
		};
		2AC3441A2CCE198200BEEA5A /* KakaoSDKCertCore */ = {
			isa = XCSwiftPackageProductDependency;
			package = 2AC344132CCE141200BEEA5A /* XCRemoteSwiftPackageReference "kakao-ios-sdk" */;
			productName = KakaoSDKCertCore;
		};
		2AC3441C2CCE198200BEEA5A /* KakaoSDKCommon */ = {
			isa = XCSwiftPackageProductDependency;
			package = 2AC344132CCE141200BEEA5A /* XCRemoteSwiftPackageReference "kakao-ios-sdk" */;
			productName = KakaoSDKCommon;
		};
		2AFD06462C80B9CF00F34C35 /* KakaoMapsSDK-SPM */ = {
			isa = XCSwiftPackageProductDependency;
			package = 2AFD06452C80B9CF00F34C35 /* XCRemoteSwiftPackageReference "KakaoMapsSDK-SPM" */;
			productName = "KakaoMapsSDK-SPM";
		};
		2AFD06D62C84A0E800F34C35 /* RxGesture */ = {
			isa = XCSwiftPackageProductDependency;
			package = 2AFD06D52C84A0E800F34C35 /* XCRemoteSwiftPackageReference "RxGesture" */;
			productName = RxGesture;
		};
		2AFD06D92C84A0F400F34C35 /* RxCocoa */ = {
			isa = XCSwiftPackageProductDependency;
			package = 2AFD06D82C84A0F400F34C35 /* XCRemoteSwiftPackageReference "RxSwift" */;
			productName = RxCocoa;
		};
		2AFD06DB2C84A0F400F34C35 /* RxRelay */ = {
			isa = XCSwiftPackageProductDependency;
			package = 2AFD06D82C84A0F400F34C35 /* XCRemoteSwiftPackageReference "RxSwift" */;
			productName = RxRelay;
		};
		2AFD06DE2C84A10100F34C35 /* Kingfisher */ = {
			isa = XCSwiftPackageProductDependency;
			package = 2AFD06DD2C84A10100F34C35 /* XCRemoteSwiftPackageReference "Kingfisher" */;
			productName = Kingfisher;
		};
		2AFD072D2C8C22E200F34C35 /* MessageKit */ = {
			isa = XCSwiftPackageProductDependency;
			package = 2AFD072C2C8C22E200F34C35 /* XCRemoteSwiftPackageReference "MessageKit" */;
			productName = MessageKit;
		};
/* End XCSwiftPackageProductDependency section */
	};
	rootObject = 2A85A9262BF869C10030B4F4 /* Project object */;
}
